// !$*UTF8*$!
{
	archiveVersion = 1;
	classes = {
	};
	objectVersion = 52;
	objects = {

/* Begin PBXBuildFile section */
		AE1129C023F3959900003BBA /* CardGameAppTests.swift in Sources */ = {isa = PBXBuildFile; fileRef = AE1129BF23F3959900003BBA /* CardGameAppTests.swift */; };
		AE40A35E23ED340A009AB61B /* AppDelegate.swift in Sources */ = {isa = PBXBuildFile; fileRef = AE40A35D23ED340A009AB61B /* AppDelegate.swift */; };
		AE40A36223ED340A009AB61B /* ViewController.swift in Sources */ = {isa = PBXBuildFile; fileRef = AE40A36123ED340A009AB61B /* ViewController.swift */; };
		AE40A36723ED340B009AB61B /* Assets.xcassets in Resources */ = {isa = PBXBuildFile; fileRef = AE40A36623ED340B009AB61B /* Assets.xcassets */; };
		AE40A37223ED35B4009AB61B /* GameTableView.swift in Sources */ = {isa = PBXBuildFile; fileRef = AE40A37123ED35B4009AB61B /* GameTableView.swift */; };
		AE40A37523ED4D70009AB61B /* SnapKit in Frameworks */ = {isa = PBXBuildFile; productRef = AE40A37423ED4D70009AB61B /* SnapKit */; };
		AE40A3AE23F17205009AB61B /* Model.swift in Sources */ = {isa = PBXBuildFile; fileRef = AE40A3AD23F17205009AB61B /* Model.swift */; };
/* End PBXBuildFile section */

/* Begin PBXContainerItemProxy section */
		AE1129C223F3959900003BBA /* PBXContainerItemProxy */ = {
			isa = PBXContainerItemProxy;
			containerPortal = AE40A35223ED340A009AB61B /* Project object */;
			proxyType = 1;
			remoteGlobalIDString = AE40A35923ED340A009AB61B;
			remoteInfo = CardGameApp;
		};
/* End PBXContainerItemProxy section */

/* Begin PBXFileReference section */
		AE1129BD23F3959900003BBA /* CardGameAppTests.xctest */ = {isa = PBXFileReference; explicitFileType = wrapper.cfbundle; includeInIndex = 0; path = CardGameAppTests.xctest; sourceTree = BUILT_PRODUCTS_DIR; };
		AE1129BF23F3959900003BBA /* CardGameAppTests.swift */ = {isa = PBXFileReference; lastKnownFileType = sourcecode.swift; path = CardGameAppTests.swift; sourceTree = "<group>"; };
		AE1129C123F3959900003BBA /* Info.plist */ = {isa = PBXFileReference; lastKnownFileType = text.plist.xml; path = Info.plist; sourceTree = "<group>"; };
		AE40A35A23ED340A009AB61B /* CardGameApp.app */ = {isa = PBXFileReference; explicitFileType = wrapper.application; includeInIndex = 0; path = CardGameApp.app; sourceTree = BUILT_PRODUCTS_DIR; };
		AE40A35D23ED340A009AB61B /* AppDelegate.swift */ = {isa = PBXFileReference; lastKnownFileType = sourcecode.swift; path = AppDelegate.swift; sourceTree = "<group>"; };
		AE40A36123ED340A009AB61B /* ViewController.swift */ = {isa = PBXFileReference; lastKnownFileType = sourcecode.swift; path = ViewController.swift; sourceTree = "<group>"; };
		AE40A36623ED340B009AB61B /* Assets.xcassets */ = {isa = PBXFileReference; lastKnownFileType = folder.assetcatalog; path = Assets.xcassets; sourceTree = "<group>"; };
		AE40A36B23ED340B009AB61B /* Info.plist */ = {isa = PBXFileReference; lastKnownFileType = text.plist.xml; path = Info.plist; sourceTree = "<group>"; };
		AE40A37123ED35B4009AB61B /* GameTableView.swift */ = {isa = PBXFileReference; lastKnownFileType = sourcecode.swift; path = GameTableView.swift; sourceTree = "<group>"; };
		AE40A3AD23F17205009AB61B /* Model.swift */ = {isa = PBXFileReference; lastKnownFileType = sourcecode.swift; path = Model.swift; sourceTree = "<group>"; };
/* End PBXFileReference section */

/* Begin PBXFrameworksBuildPhase section */
		AE1129BA23F3959900003BBA /* Frameworks */ = {
			isa = PBXFrameworksBuildPhase;
			buildActionMask = 2147483647;
			files = (
			);
			runOnlyForDeploymentPostprocessing = 0;
		};
		AE40A35723ED340A009AB61B /* Frameworks */ = {
			isa = PBXFrameworksBuildPhase;
			buildActionMask = 2147483647;
			files = (
				AE40A37523ED4D70009AB61B /* SnapKit in Frameworks */,
			);
			runOnlyForDeploymentPostprocessing = 0;
		};
/* End PBXFrameworksBuildPhase section */

/* Begin PBXGroup section */
		AE1129BE23F3959900003BBA /* CardGameAppTests */ = {
			isa = PBXGroup;
			children = (
				AE1129BF23F3959900003BBA /* CardGameAppTests.swift */,
				AE1129C123F3959900003BBA /* Info.plist */,
			);
			path = CardGameAppTests;
			sourceTree = "<group>";
		};
		AE40A35123ED340A009AB61B = {
			isa = PBXGroup;
			children = (
				AE40A35C23ED340A009AB61B /* CardGameApp */,
				AE1129BE23F3959900003BBA /* CardGameAppTests */,
				AE40A35B23ED340A009AB61B /* Products */,
			);
			sourceTree = "<group>";
		};
		AE40A35B23ED340A009AB61B /* Products */ = {
			isa = PBXGroup;
			children = (
				AE40A35A23ED340A009AB61B /* CardGameApp.app */,
				AE1129BD23F3959900003BBA /* CardGameAppTests.xctest */,
			);
			name = Products;
			sourceTree = "<group>";
		};
		AE40A35C23ED340A009AB61B /* CardGameApp */ = {
			isa = PBXGroup;
			children = (
				AE40A35D23ED340A009AB61B /* AppDelegate.swift */,
				AE40A37123ED35B4009AB61B /* GameTableView.swift */,
				AE40A36123ED340A009AB61B /* ViewController.swift */,
				AE40A3AD23F17205009AB61B /* Model.swift */,
				AE40A36623ED340B009AB61B /* Assets.xcassets */,
				AE40A36B23ED340B009AB61B /* Info.plist */,
			);
			path = CardGameApp;
			sourceTree = "<group>";
		};
/* End PBXGroup section */

/* Begin PBXNativeTarget section */
		AE1129BC23F3959900003BBA /* CardGameAppTests */ = {
			isa = PBXNativeTarget;
			buildConfigurationList = AE1129C623F3959900003BBA /* Build configuration list for PBXNativeTarget "CardGameAppTests" */;
			buildPhases = (
				AE1129B923F3959900003BBA /* Sources */,
				AE1129BA23F3959900003BBA /* Frameworks */,
				AE1129BB23F3959900003BBA /* Resources */,
			);
			buildRules = (
			);
			dependencies = (
				AE1129C323F3959900003BBA /* PBXTargetDependency */,
			);
			name = CardGameAppTests;
			productName = CardGameAppTests;
			productReference = AE1129BD23F3959900003BBA /* CardGameAppTests.xctest */;
			productType = "com.apple.product-type.bundle.unit-test";
		};
		AE40A35923ED340A009AB61B /* CardGameApp */ = {
			isa = PBXNativeTarget;
			buildConfigurationList = AE40A36E23ED340B009AB61B /* Build configuration list for PBXNativeTarget "CardGameApp" */;
			buildPhases = (
				AE40A35623ED340A009AB61B /* Sources */,
				AE40A35723ED340A009AB61B /* Frameworks */,
				AE40A35823ED340A009AB61B /* Resources */,
			);
			buildRules = (
			);
			dependencies = (
			);
			name = CardGameApp;
			packageProductDependencies = (
				AE40A37423ED4D70009AB61B /* SnapKit */,
			);
			productName = CardGameApp;
			productReference = AE40A35A23ED340A009AB61B /* CardGameApp.app */;
			productType = "com.apple.product-type.application";
		};
/* End PBXNativeTarget section */

/* Begin PBXProject section */
		AE40A35223ED340A009AB61B /* Project object */ = {
			isa = PBXProject;
			attributes = {
				LastSwiftUpdateCheck = 1130;
				LastUpgradeCheck = 1130;
				ORGANIZATIONNAME = Cloud;
				TargetAttributes = {
					AE1129BC23F3959900003BBA = {
						CreatedOnToolsVersion = 11.3.1;
						TestTargetID = AE40A35923ED340A009AB61B;
					};
					AE40A35923ED340A009AB61B = {
						CreatedOnToolsVersion = 11.3.1;
					};
				};
			};
			buildConfigurationList = AE40A35523ED340A009AB61B /* Build configuration list for PBXProject "CardGameApp" */;
			compatibilityVersion = "Xcode 9.3";
			developmentRegion = en;
			hasScannedForEncodings = 0;
			knownRegions = (
				en,
				Base,
			);
			mainGroup = AE40A35123ED340A009AB61B;
			packageReferences = (
				AE40A37323ED4D70009AB61B /* XCRemoteSwiftPackageReference "SnapKit" */,
			);
			productRefGroup = AE40A35B23ED340A009AB61B /* Products */;
			projectDirPath = "";
			projectRoot = "";
			targets = (
				AE40A35923ED340A009AB61B /* CardGameApp */,
				AE1129BC23F3959900003BBA /* CardGameAppTests */,
			);
		};
/* End PBXProject section */

/* Begin PBXResourcesBuildPhase section */
		AE1129BB23F3959900003BBA /* Resources */ = {
			isa = PBXResourcesBuildPhase;
			buildActionMask = 2147483647;
			files = (
			);
			runOnlyForDeploymentPostprocessing = 0;
		};
		AE40A35823ED340A009AB61B /* Resources */ = {
			isa = PBXResourcesBuildPhase;
			buildActionMask = 2147483647;
			files = (
				AE40A36723ED340B009AB61B /* Assets.xcassets in Resources */,
			);
			runOnlyForDeploymentPostprocessing = 0;
		};
/* End PBXResourcesBuildPhase section */

/* Begin PBXSourcesBuildPhase section */
		AE1129B923F3959900003BBA /* Sources */ = {
			isa = PBXSourcesBuildPhase;
			buildActionMask = 2147483647;
			files = (
				AE1129C023F3959900003BBA /* CardGameAppTests.swift in Sources */,
			);
			runOnlyForDeploymentPostprocessing = 0;
		};
		AE40A35623ED340A009AB61B /* Sources */ = {
			isa = PBXSourcesBuildPhase;
			buildActionMask = 2147483647;
			files = (
				AE40A36223ED340A009AB61B /* ViewController.swift in Sources */,
				AE40A3AE23F17205009AB61B /* Model.swift in Sources */,
				AE40A37223ED35B4009AB61B /* GameTableView.swift in Sources */,
				AE40A35E23ED340A009AB61B /* AppDelegate.swift in Sources */,
			);
			runOnlyForDeploymentPostprocessing = 0;
		};
/* End PBXSourcesBuildPhase section */

/* Begin PBXTargetDependency section */
		AE1129C323F3959900003BBA /* PBXTargetDependency */ = {
			isa = PBXTargetDependency;
			target = AE40A35923ED340A009AB61B /* CardGameApp */;
			targetProxy = AE1129C223F3959900003BBA /* PBXContainerItemProxy */;
		};
/* End PBXTargetDependency section */

/* Begin XCBuildConfiguration section */
		AE1129C423F3959900003BBA /* Debug */ = {
			isa = XCBuildConfiguration;
			buildSettings = {
				BUNDLE_LOADER = "$(TEST_HOST)";
				CODE_SIGN_STYLE = Automatic;
				DEVELOPMENT_TEAM = 6HG325P9V2;
				INFOPLIST_FILE = CardGameAppTests/Info.plist;
				LD_RUNPATH_SEARCH_PATHS = (
					"$(inherited)",
					"@executable_path/Frameworks",
					"@loader_path/Frameworks",
				);
				PRODUCT_BUNDLE_IDENTIFIER = cLoud.CardGameAppTests;
				PRODUCT_NAME = "$(TARGET_NAME)";
				SWIFT_VERSION = 5.0;
				TARGETED_DEVICE_FAMILY = "1,2";
				TEST_HOST = "$(BUILT_PRODUCTS_DIR)/CardGameApp.app/CardGameApp";
			};
			name = Debug;
		};
		AE1129C523F3959900003BBA /* Release */ = {
			isa = XCBuildConfiguration;
			buildSettings = {
				BUNDLE_LOADER = "$(TEST_HOST)";
				CODE_SIGN_STYLE = Automatic;
				DEVELOPMENT_TEAM = 6HG325P9V2;
				INFOPLIST_FILE = CardGameAppTests/Info.plist;
				LD_RUNPATH_SEARCH_PATHS = (
					"$(inherited)",
					"@executable_path/Frameworks",
					"@loader_path/Frameworks",
				);
				PRODUCT_BUNDLE_IDENTIFIER = cLoud.CardGameAppTests;
				PRODUCT_NAME = "$(TARGET_NAME)";
				SWIFT_VERSION = 5.0;
				TARGETED_DEVICE_FAMILY = "1,2";
				TEST_HOST = "$(BUILT_PRODUCTS_DIR)/CardGameApp.app/CardGameApp";
			};
			name = Release;
		};
		AE40A36C23ED340B009AB61B /* Debug */ = {
			isa = XCBuildConfiguration;
			buildSettings = {
				ALWAYS_SEARCH_USER_PATHS = NO;
				CLANG_ANALYZER_NONNULL = YES;
				CLANG_ANALYZER_NUMBER_OBJECT_CONVERSION = YES_AGGRESSIVE;
				CLANG_CXX_LANGUAGE_STANDARD = "gnu++14";
				CLANG_CXX_LIBRARY = "libc++";
				CLANG_ENABLE_MODULES = YES;
				CLANG_ENABLE_OBJC_ARC = YES;
				CLANG_ENABLE_OBJC_WEAK = YES;
				CLANG_WARN_BLOCK_CAPTURE_AUTORELEASING = YES;
				CLANG_WARN_BOOL_CONVERSION = YES;
				CLANG_WARN_COMMA = YES;
				CLANG_WARN_CONSTANT_CONVERSION = YES;
				CLANG_WARN_DEPRECATED_OBJC_IMPLEMENTATIONS = YES;
				CLANG_WARN_DIRECT_OBJC_ISA_USAGE = YES_ERROR;
				CLANG_WARN_DOCUMENTATION_COMMENTS = YES;
				CLANG_WARN_EMPTY_BODY = YES;
				CLANG_WARN_ENUM_CONVERSION = YES;
				CLANG_WARN_INFINITE_RECURSION = YES;
				CLANG_WARN_INT_CONVERSION = YES;
				CLANG_WARN_NON_LITERAL_NULL_CONVERSION = YES;
				CLANG_WARN_OBJC_IMPLICIT_RETAIN_SELF = YES;
				CLANG_WARN_OBJC_LITERAL_CONVERSION = YES;
				CLANG_WARN_OBJC_ROOT_CLASS = YES_ERROR;
				CLANG_WARN_RANGE_LOOP_ANALYSIS = YES;
				CLANG_WARN_STRICT_PROTOTYPES = YES;
				CLANG_WARN_SUSPICIOUS_MOVE = YES;
				CLANG_WARN_UNGUARDED_AVAILABILITY = YES_AGGRESSIVE;
				CLANG_WARN_UNREACHABLE_CODE = YES;
				CLANG_WARN__DUPLICATE_METHOD_MATCH = YES;
				COPY_PHASE_STRIP = NO;
				DEBUG_INFORMATION_FORMAT = dwarf;
				ENABLE_STRICT_OBJC_MSGSEND = YES;
				ENABLE_TESTABILITY = YES;
				GCC_C_LANGUAGE_STANDARD = gnu11;
				GCC_DYNAMIC_NO_PIC = NO;
				GCC_NO_COMMON_BLOCKS = YES;
				GCC_OPTIMIZATION_LEVEL = 0;
				GCC_PREPROCESSOR_DEFINITIONS = (
					"DEBUG=1",
					"$(inherited)",
				);
				GCC_WARN_64_TO_32_BIT_CONVERSION = YES;
				GCC_WARN_ABOUT_RETURN_TYPE = YES_ERROR;
				GCC_WARN_UNDECLARED_SELECTOR = YES;
				GCC_WARN_UNINITIALIZED_AUTOS = YES_AGGRESSIVE;
				GCC_WARN_UNUSED_FUNCTION = YES;
				GCC_WARN_UNUSED_VARIABLE = YES;
				IPHONEOS_DEPLOYMENT_TARGET = 13.2;
				MTL_ENABLE_DEBUG_INFO = INCLUDE_SOURCE;
				MTL_FAST_MATH = YES;
				ONLY_ACTIVE_ARCH = YES;
				SDKROOT = iphoneos;
				SWIFT_ACTIVE_COMPILATION_CONDITIONS = DEBUG;
				SWIFT_OPTIMIZATION_LEVEL = "-Onone";
			};
			name = Debug;
		};
		AE40A36D23ED340B009AB61B /* Release */ = {
			isa = XCBuildConfiguration;
			buildSettings = {
				ALWAYS_SEARCH_USER_PATHS = NO;
				CLANG_ANALYZER_NONNULL = YES;
				CLANG_ANALYZER_NUMBER_OBJECT_CONVERSION = YES_AGGRESSIVE;
				CLANG_CXX_LANGUAGE_STANDARD = "gnu++14";
				CLANG_CXX_LIBRARY = "libc++";
				CLANG_ENABLE_MODULES = YES;
				CLANG_ENABLE_OBJC_ARC = YES;
				CLANG_ENABLE_OBJC_WEAK = YES;
				CLANG_WARN_BLOCK_CAPTURE_AUTORELEASING = YES;
				CLANG_WARN_BOOL_CONVERSION = YES;
				CLANG_WARN_COMMA = YES;
				CLANG_WARN_CONSTANT_CONVERSION = YES;
				CLANG_WARN_DEPRECATED_OBJC_IMPLEMENTATIONS = YES;
				CLANG_WARN_DIRECT_OBJC_ISA_USAGE = YES_ERROR;
				CLANG_WARN_DOCUMENTATION_COMMENTS = YES;
				CLANG_WARN_EMPTY_BODY = YES;
				CLANG_WARN_ENUM_CONVERSION = YES;
				CLANG_WARN_INFINITE_RECURSION = YES;
				CLANG_WARN_INT_CONVERSION = YES;
				CLANG_WARN_NON_LITERAL_NULL_CONVERSION = YES;
				CLANG_WARN_OBJC_IMPLICIT_RETAIN_SELF = YES;
				CLANG_WARN_OBJC_LITERAL_CONVERSION = YES;
				CLANG_WARN_OBJC_ROOT_CLASS = YES_ERROR;
				CLANG_WARN_RANGE_LOOP_ANALYSIS = YES;
				CLANG_WARN_STRICT_PROTOTYPES = YES;
				CLANG_WARN_SUSPICIOUS_MOVE = YES;
				CLANG_WARN_UNGUARDED_AVAILABILITY = YES_AGGRESSIVE;
				CLANG_WARN_UNREACHABLE_CODE = YES;
				CLANG_WARN__DUPLICATE_METHOD_MATCH = YES;
				COPY_PHASE_STRIP = NO;
				DEBUG_INFORMATION_FORMAT = "dwarf-with-dsym";
				ENABLE_NS_ASSERTIONS = NO;
				ENABLE_STRICT_OBJC_MSGSEND = YES;
				GCC_C_LANGUAGE_STANDARD = gnu11;
				GCC_NO_COMMON_BLOCKS = YES;
				GCC_WARN_64_TO_32_BIT_CONVERSION = YES;
				GCC_WARN_ABOUT_RETURN_TYPE = YES_ERROR;
				GCC_WARN_UNDECLARED_SELECTOR = YES;
				GCC_WARN_UNINITIALIZED_AUTOS = YES_AGGRESSIVE;
				GCC_WARN_UNUSED_FUNCTION = YES;
				GCC_WARN_UNUSED_VARIABLE = YES;
				IPHONEOS_DEPLOYMENT_TARGET = 13.2;
				MTL_ENABLE_DEBUG_INFO = NO;
				MTL_FAST_MATH = YES;
				SDKROOT = iphoneos;
				SWIFT_COMPILATION_MODE = wholemodule;
				SWIFT_OPTIMIZATION_LEVEL = "-O";
				VALIDATE_PRODUCT = YES;
			};
			name = Release;
		};
		AE40A36F23ED340B009AB61B /* Debug */ = {
			isa = XCBuildConfiguration;
			buildSettings = {
				ASSETCATALOG_COMPILER_APPICON_NAME = AppIcon;
				CODE_SIGN_STYLE = Automatic;
				DEVELOPMENT_TEAM = 6HG325P9V2;
				INFOPLIST_FILE = CardGameApp/Info.plist;
				LD_RUNPATH_SEARCH_PATHS = (
					"$(inherited)",
					"@executable_path/Frameworks",
				);
				PRODUCT_BUNDLE_IDENTIFIER = cLoud.CardGameApp;
				PRODUCT_NAME = "$(TARGET_NAME)";
				SWIFT_VERSION = 5.0;
				TARGETED_DEVICE_FAMILY = "1,2";
			};
			name = Debug;
		};
		AE40A37023ED340B009AB61B /* Release */ = {
			isa = XCBuildConfiguration;
			buildSettings = {
				ASSETCATALOG_COMPILER_APPICON_NAME = AppIcon;
				CODE_SIGN_STYLE = Automatic;
				DEVELOPMENT_TEAM = 6HG325P9V2;
				INFOPLIST_FILE = CardGameApp/Info.plist;
				LD_RUNPATH_SEARCH_PATHS = (
					"$(inherited)",
					"@executable_path/Frameworks",
				);
				PRODUCT_BUNDLE_IDENTIFIER = cLoud.CardGameApp;
				PRODUCT_NAME = "$(TARGET_NAME)";
				SWIFT_VERSION = 5.0;
				TARGETED_DEVICE_FAMILY = "1,2";
			};
			name = Release;
		};
/* End XCBuildConfiguration section */

/* Begin XCConfigurationList section */
		AE1129C623F3959900003BBA /* Build configuration list for PBXNativeTarget "CardGameAppTests" */ = {
			isa = XCConfigurationList;
			buildConfigurations = (
				AE1129C423F3959900003BBA /* Debug */,
				AE1129C523F3959900003BBA /* Release */,
			);
			defaultConfigurationIsVisible = 0;
			defaultConfigurationName = Release;
		};
		AE40A35523ED340A009AB61B /* Build configuration list for PBXProject "CardGameApp" */ = {
			isa = XCConfigurationList;
			buildConfigurations = (
				AE40A36C23ED340B009AB61B /* Debug */,
				AE40A36D23ED340B009AB61B /* Release */,
			);
			defaultConfigurationIsVisible = 0;
			defaultConfigurationName = Release;
		};
		AE40A36E23ED340B009AB61B /* Build configuration list for PBXNativeTarget "CardGameApp" */ = {
			isa = XCConfigurationList;
			buildConfigurations = (
				AE40A36F23ED340B009AB61B /* Debug */,
				AE40A37023ED340B009AB61B /* Release */,
			);
			defaultConfigurationIsVisible = 0;
			defaultConfigurationName = Release;
		};
/* End XCConfigurationList section */

/* Begin XCRemoteSwiftPackageReference section */
		AE40A37323ED4D70009AB61B /* XCRemoteSwiftPackageReference "SnapKit" */ = {
			isa = XCRemoteSwiftPackageReference;
			repositoryURL = "https://github.com/SnapKit/SnapKit.git";
			requirement = {
				kind = upToNextMajorVersion;
				minimumVersion = 5.0.1;
			};
		};
/* End XCRemoteSwiftPackageReference section */

/* Begin XCSwiftPackageProductDependency section */
		AE40A37423ED4D70009AB61B /* SnapKit */ = {
			isa = XCSwiftPackageProductDependency;
			package = AE40A37323ED4D70009AB61B /* XCRemoteSwiftPackageReference "SnapKit" */;
			productName = SnapKit;
		};
/* End XCSwiftPackageProductDependency section */
	};
	rootObject = AE40A35223ED340A009AB61B /* Project object */;
}
