// !$*UTF8*$!
{
	archiveVersion = 1;
	classes = {
	};
	objectVersion = 50;
	objects = {

/* Begin PBXBuildFile section */
		443AEA7D23EEC8C40084A967 /* IntegrationTest.swift in Sources */ = {isa = PBXBuildFile; fileRef = 443AEA7C23EEC8C40084A967 /* IntegrationTest.swift */; };
		443AEA9123EECABB0084A967 /* DeckTest.swift in Sources */ = {isa = PBXBuildFile; fileRef = 443AEA9023EECABB0084A967 /* DeckTest.swift */; };
		444F3F1023ED14430010F74E /* Card.swift in Sources */ = {isa = PBXBuildFile; fileRef = 444F3F0F23ED14430010F74E /* Card.swift */; };
		444F3F1423ED5A380010F74E /* Deck.swift in Sources */ = {isa = PBXBuildFile; fileRef = 444F3F1323ED5A380010F74E /* Deck.swift */; };
		44B649E523EA75EE00C9F914 /* AppDelegate.swift in Sources */ = {isa = PBXBuildFile; fileRef = 44B649E423EA75EE00C9F914 /* AppDelegate.swift */; };
		44B649E723EA75EE00C9F914 /* SceneDelegate.swift in Sources */ = {isa = PBXBuildFile; fileRef = 44B649E623EA75EE00C9F914 /* SceneDelegate.swift */; };
		44B649E923EA75EE00C9F914 /* ViewController.swift in Sources */ = {isa = PBXBuildFile; fileRef = 44B649E823EA75EE00C9F914 /* ViewController.swift */; };
		44B649EC23EA75EE00C9F914 /* Main.storyboard in Resources */ = {isa = PBXBuildFile; fileRef = 44B649EA23EA75EE00C9F914 /* Main.storyboard */; };
		44B649EE23EA75F000C9F914 /* Assets.xcassets in Resources */ = {isa = PBXBuildFile; fileRef = 44B649ED23EA75F000C9F914 /* Assets.xcassets */; };
		44B649F123EA75F000C9F914 /* LaunchScreen.storyboard in Resources */ = {isa = PBXBuildFile; fileRef = 44B649EF23EA75F000C9F914 /* LaunchScreen.storyboard */; };
		44E3EB6623EED8F7009402E0 /* Player.swift in Sources */ = {isa = PBXBuildFile; fileRef = 44E3EB6523EED8F7009402E0 /* Player.swift */; };
		44E3EB6823EED98E009402E0 /* Dealer.swift in Sources */ = {isa = PBXBuildFile; fileRef = 44E3EB6723EED98E009402E0 /* Dealer.swift */; };
		44E3EB6C23EEDB20009402E0 /* FiveCardStud.swift in Sources */ = {isa = PBXBuildFile; fileRef = 44E3EB6B23EEDB20009402E0 /* FiveCardStud.swift */; };
/* End PBXBuildFile section */

/* Begin PBXContainerItemProxy section */
		443AEA7F23EEC8C40084A967 /* PBXContainerItemProxy */ = {
			isa = PBXContainerItemProxy;
			containerPortal = 44B649D923EA75EE00C9F914 /* Project object */;
			proxyType = 1;
			remoteGlobalIDString = 44B649E023EA75EE00C9F914;
			remoteInfo = CardGameApp;
		};
		443AEA9323EECABB0084A967 /* PBXContainerItemProxy */ = {
			isa = PBXContainerItemProxy;
			containerPortal = 44B649D923EA75EE00C9F914 /* Project object */;
			proxyType = 1;
			remoteGlobalIDString = 44B649E023EA75EE00C9F914;
			remoteInfo = CardGameApp;
		};
/* End PBXContainerItemProxy section */

/* Begin PBXFileReference section */
		443AEA7A23EEC8C40084A967 /* IntegrationTest.xctest */ = {isa = PBXFileReference; explicitFileType = wrapper.cfbundle; includeInIndex = 0; path = IntegrationTest.xctest; sourceTree = BUILT_PRODUCTS_DIR; };
		443AEA7C23EEC8C40084A967 /* IntegrationTest.swift */ = {isa = PBXFileReference; lastKnownFileType = sourcecode.swift; path = IntegrationTest.swift; sourceTree = "<group>"; };
		443AEA7E23EEC8C40084A967 /* Info.plist */ = {isa = PBXFileReference; lastKnownFileType = text.plist.xml; path = Info.plist; sourceTree = "<group>"; };
		443AEA8E23EECABB0084A967 /* DeckTest.xctest */ = {isa = PBXFileReference; explicitFileType = wrapper.cfbundle; includeInIndex = 0; path = DeckTest.xctest; sourceTree = BUILT_PRODUCTS_DIR; };
		443AEA9023EECABB0084A967 /* DeckTest.swift */ = {isa = PBXFileReference; lastKnownFileType = sourcecode.swift; path = DeckTest.swift; sourceTree = "<group>"; };
		443AEA9223EECABB0084A967 /* Info.plist */ = {isa = PBXFileReference; lastKnownFileType = text.plist.xml; path = Info.plist; sourceTree = "<group>"; };
		444F3F0F23ED14430010F74E /* Card.swift */ = {isa = PBXFileReference; lastKnownFileType = sourcecode.swift; path = Card.swift; sourceTree = "<group>"; };
		444F3F1323ED5A380010F74E /* Deck.swift */ = {isa = PBXFileReference; lastKnownFileType = sourcecode.swift; path = Deck.swift; sourceTree = "<group>"; };
		44B649E123EA75EE00C9F914 /* CardGameApp.app */ = {isa = PBXFileReference; explicitFileType = wrapper.application; includeInIndex = 0; path = CardGameApp.app; sourceTree = BUILT_PRODUCTS_DIR; };
		44B649E423EA75EE00C9F914 /* AppDelegate.swift */ = {isa = PBXFileReference; lastKnownFileType = sourcecode.swift; path = AppDelegate.swift; sourceTree = "<group>"; };
		44B649E623EA75EE00C9F914 /* SceneDelegate.swift */ = {isa = PBXFileReference; lastKnownFileType = sourcecode.swift; path = SceneDelegate.swift; sourceTree = "<group>"; };
		44B649E823EA75EE00C9F914 /* ViewController.swift */ = {isa = PBXFileReference; lastKnownFileType = sourcecode.swift; path = ViewController.swift; sourceTree = "<group>"; };
		44B649EB23EA75EE00C9F914 /* Base */ = {isa = PBXFileReference; lastKnownFileType = file.storyboard; name = Base; path = Base.lproj/Main.storyboard; sourceTree = "<group>"; };
		44B649ED23EA75F000C9F914 /* Assets.xcassets */ = {isa = PBXFileReference; lastKnownFileType = folder.assetcatalog; path = Assets.xcassets; sourceTree = "<group>"; };
		44B649F023EA75F000C9F914 /* Base */ = {isa = PBXFileReference; lastKnownFileType = file.storyboard; name = Base; path = Base.lproj/LaunchScreen.storyboard; sourceTree = "<group>"; };
		44B649F223EA75F000C9F914 /* Info.plist */ = {isa = PBXFileReference; lastKnownFileType = text.plist.xml; path = Info.plist; sourceTree = "<group>"; };
		44E3EB6523EED8F7009402E0 /* Player.swift */ = {isa = PBXFileReference; lastKnownFileType = sourcecode.swift; path = Player.swift; sourceTree = "<group>"; };
		44E3EB6723EED98E009402E0 /* Dealer.swift */ = {isa = PBXFileReference; lastKnownFileType = sourcecode.swift; path = Dealer.swift; sourceTree = "<group>"; };
		44E3EB6B23EEDB20009402E0 /* FiveCardStud.swift */ = {isa = PBXFileReference; lastKnownFileType = sourcecode.swift; path = FiveCardStud.swift; sourceTree = "<group>"; };
/* End PBXFileReference section */

/* Begin PBXFrameworksBuildPhase section */
		443AEA7723EEC8C40084A967 /* Frameworks */ = {
			isa = PBXFrameworksBuildPhase;
			buildActionMask = 2147483647;
			files = (
			);
			runOnlyForDeploymentPostprocessing = 0;
		};
		443AEA8B23EECABB0084A967 /* Frameworks */ = {
			isa = PBXFrameworksBuildPhase;
			buildActionMask = 2147483647;
			files = (
			);
			runOnlyForDeploymentPostprocessing = 0;
		};
		44B649DE23EA75EE00C9F914 /* Frameworks */ = {
			isa = PBXFrameworksBuildPhase;
			buildActionMask = 2147483647;
			files = (
			);
			runOnlyForDeploymentPostprocessing = 0;
		};
/* End PBXFrameworksBuildPhase section */

/* Begin PBXGroup section */
		443AEA7B23EEC8C40084A967 /* IntegrationTest */ = {
			isa = PBXGroup;
			children = (
				443AEA7C23EEC8C40084A967 /* IntegrationTest.swift */,
				443AEA7E23EEC8C40084A967 /* Info.plist */,
			);
			path = IntegrationTest;
			sourceTree = "<group>";
		};
		443AEA8F23EECABB0084A967 /* DeckTest */ = {
			isa = PBXGroup;
			children = (
				443AEA9023EECABB0084A967 /* DeckTest.swift */,
				443AEA9223EECABB0084A967 /* Info.plist */,
			);
			path = DeckTest;
			sourceTree = "<group>";
		};
		44B649D823EA75EE00C9F914 = {
			isa = PBXGroup;
			children = (
				44B649E323EA75EE00C9F914 /* CardGameApp */,
				443AEA7B23EEC8C40084A967 /* IntegrationTest */,
				443AEA8F23EECABB0084A967 /* DeckTest */,
				44B649E223EA75EE00C9F914 /* Products */,
			);
			sourceTree = "<group>";
		};
		44B649E223EA75EE00C9F914 /* Products */ = {
			isa = PBXGroup;
			children = (
				44B649E123EA75EE00C9F914 /* CardGameApp.app */,
				443AEA7A23EEC8C40084A967 /* IntegrationTest.xctest */,
				443AEA8E23EECABB0084A967 /* DeckTest.xctest */,
			);
			name = Products;
			sourceTree = "<group>";
		};
		44B649E323EA75EE00C9F914 /* CardGameApp */ = {
			isa = PBXGroup;
			children = (
				44B649E423EA75EE00C9F914 /* AppDelegate.swift */,
				44B649E623EA75EE00C9F914 /* SceneDelegate.swift */,
				44B649E823EA75EE00C9F914 /* ViewController.swift */,
				444F3F0F23ED14430010F74E /* Card.swift */,
				44E3EB6523EED8F7009402E0 /* Player.swift */,
				44E3EB6723EED98E009402E0 /* Dealer.swift */,
				44E3EB6B23EEDB20009402E0 /* FiveCardStud.swift */,
				444F3F1323ED5A380010F74E /* Deck.swift */,
				44B649EA23EA75EE00C9F914 /* Main.storyboard */,
				44B649ED23EA75F000C9F914 /* Assets.xcassets */,
				44B649EF23EA75F000C9F914 /* LaunchScreen.storyboard */,
				44B649F223EA75F000C9F914 /* Info.plist */,
			);
			path = CardGameApp;
			sourceTree = "<group>";
		};
/* End PBXGroup section */

/* Begin PBXNativeTarget section */
		443AEA7923EEC8C40084A967 /* IntegrationTest */ = {
			isa = PBXNativeTarget;
			buildConfigurationList = 443AEA8323EEC8C40084A967 /* Build configuration list for PBXNativeTarget "IntegrationTest" */;
			buildPhases = (
				443AEA7623EEC8C40084A967 /* Sources */,
				443AEA7723EEC8C40084A967 /* Frameworks */,
				443AEA7823EEC8C40084A967 /* Resources */,
			);
			buildRules = (
			);
			dependencies = (
				443AEA8023EEC8C40084A967 /* PBXTargetDependency */,
			);
			name = IntegrationTest;
			productName = IntegrationTest;
			productReference = 443AEA7A23EEC8C40084A967 /* IntegrationTest.xctest */;
			productType = "com.apple.product-type.bundle.unit-test";
		};
		443AEA8D23EECABB0084A967 /* DeckTest */ = {
			isa = PBXNativeTarget;
			buildConfigurationList = 443AEA9523EECABB0084A967 /* Build configuration list for PBXNativeTarget "DeckTest" */;
			buildPhases = (
				443AEA8A23EECABB0084A967 /* Sources */,
				443AEA8B23EECABB0084A967 /* Frameworks */,
				443AEA8C23EECABB0084A967 /* Resources */,
			);
			buildRules = (
			);
			dependencies = (
				443AEA9423EECABB0084A967 /* PBXTargetDependency */,
			);
			name = DeckTest;
			productName = DeckTest;
			productReference = 443AEA8E23EECABB0084A967 /* DeckTest.xctest */;
			productType = "com.apple.product-type.bundle.unit-test";
		};
		44B649E023EA75EE00C9F914 /* CardGameApp */ = {
			isa = PBXNativeTarget;
			buildConfigurationList = 44B649F523EA75F000C9F914 /* Build configuration list for PBXNativeTarget "CardGameApp" */;
			buildPhases = (
				44B649DD23EA75EE00C9F914 /* Sources */,
				44B649DE23EA75EE00C9F914 /* Frameworks */,
				44B649DF23EA75EE00C9F914 /* Resources */,
			);
			buildRules = (
			);
			dependencies = (
			);
			name = CardGameApp;
			productName = CardGameApp;
			productReference = 44B649E123EA75EE00C9F914 /* CardGameApp.app */;
			productType = "com.apple.product-type.application";
		};
/* End PBXNativeTarget section */

/* Begin PBXProject section */
		44B649D923EA75EE00C9F914 /* Project object */ = {
			isa = PBXProject;
			attributes = {
				LastSwiftUpdateCheck = 1130;
				LastUpgradeCheck = 1130;
				ORGANIZATIONNAME = TTOzzi;
				TargetAttributes = {
					443AEA7923EEC8C40084A967 = {
						CreatedOnToolsVersion = 11.3.1;
						TestTargetID = 44B649E023EA75EE00C9F914;
					};
					443AEA8D23EECABB0084A967 = {
						CreatedOnToolsVersion = 11.3.1;
						TestTargetID = 44B649E023EA75EE00C9F914;
					};
					44B649E023EA75EE00C9F914 = {
						CreatedOnToolsVersion = 11.3.1;
					};
				};
			};
			buildConfigurationList = 44B649DC23EA75EE00C9F914 /* Build configuration list for PBXProject "CardGameApp" */;
			compatibilityVersion = "Xcode 9.3";
			developmentRegion = en;
			hasScannedForEncodings = 0;
			knownRegions = (
				en,
				Base,
			);
			mainGroup = 44B649D823EA75EE00C9F914;
			productRefGroup = 44B649E223EA75EE00C9F914 /* Products */;
			projectDirPath = "";
			projectRoot = "";
			targets = (
				44B649E023EA75EE00C9F914 /* CardGameApp */,
				443AEA7923EEC8C40084A967 /* IntegrationTest */,
				443AEA8D23EECABB0084A967 /* DeckTest */,
			);
		};
/* End PBXProject section */

/* Begin PBXResourcesBuildPhase section */
		443AEA7823EEC8C40084A967 /* Resources */ = {
			isa = PBXResourcesBuildPhase;
			buildActionMask = 2147483647;
			files = (
			);
			runOnlyForDeploymentPostprocessing = 0;
		};
		443AEA8C23EECABB0084A967 /* Resources */ = {
			isa = PBXResourcesBuildPhase;
			buildActionMask = 2147483647;
			files = (
			);
			runOnlyForDeploymentPostprocessing = 0;
		};
		44B649DF23EA75EE00C9F914 /* Resources */ = {
			isa = PBXResourcesBuildPhase;
			buildActionMask = 2147483647;
			files = (
				44B649F123EA75F000C9F914 /* LaunchScreen.storyboard in Resources */,
				44B649EE23EA75F000C9F914 /* Assets.xcassets in Resources */,
				44B649EC23EA75EE00C9F914 /* Main.storyboard in Resources */,
			);
			runOnlyForDeploymentPostprocessing = 0;
		};
/* End PBXResourcesBuildPhase section */

/* Begin PBXSourcesBuildPhase section */
		443AEA7623EEC8C40084A967 /* Sources */ = {
			isa = PBXSourcesBuildPhase;
			buildActionMask = 2147483647;
			files = (
				443AEA7D23EEC8C40084A967 /* IntegrationTest.swift in Sources */,
			);
			runOnlyForDeploymentPostprocessing = 0;
		};
		443AEA8A23EECABB0084A967 /* Sources */ = {
			isa = PBXSourcesBuildPhase;
			buildActionMask = 2147483647;
			files = (
				443AEA9123EECABB0084A967 /* DeckTest.swift in Sources */,
			);
			runOnlyForDeploymentPostprocessing = 0;
		};
		44B649DD23EA75EE00C9F914 /* Sources */ = {
			isa = PBXSourcesBuildPhase;
			buildActionMask = 2147483647;
			files = (
				44B649E923EA75EE00C9F914 /* ViewController.swift in Sources */,
				44E3EB6C23EEDB20009402E0 /* FiveCardStud.swift in Sources */,
				44B649E523EA75EE00C9F914 /* AppDelegate.swift in Sources */,
				44E3EB6823EED98E009402E0 /* Dealer.swift in Sources */,
				444F3F1423ED5A380010F74E /* Deck.swift in Sources */,
				44B649E723EA75EE00C9F914 /* SceneDelegate.swift in Sources */,
				44E3EB6623EED8F7009402E0 /* Player.swift in Sources */,
				444F3F1023ED14430010F74E /* Card.swift in Sources */,
			);
			runOnlyForDeploymentPostprocessing = 0;
		};
/* End PBXSourcesBuildPhase section */

/* Begin PBXTargetDependency section */
		443AEA8023EEC8C40084A967 /* PBXTargetDependency */ = {
			isa = PBXTargetDependency;
			target = 44B649E023EA75EE00C9F914 /* CardGameApp */;
			targetProxy = 443AEA7F23EEC8C40084A967 /* PBXContainerItemProxy */;
		};
		443AEA9423EECABB0084A967 /* PBXTargetDependency */ = {
			isa = PBXTargetDependency;
			target = 44B649E023EA75EE00C9F914 /* CardGameApp */;
			targetProxy = 443AEA9323EECABB0084A967 /* PBXContainerItemProxy */;
		};
/* End PBXTargetDependency section */

/* Begin PBXVariantGroup section */
		44B649EA23EA75EE00C9F914 /* Main.storyboard */ = {
			isa = PBXVariantGroup;
			children = (
				44B649EB23EA75EE00C9F914 /* Base */,
			);
			name = Main.storyboard;
			sourceTree = "<group>";
		};
		44B649EF23EA75F000C9F914 /* LaunchScreen.storyboard */ = {
			isa = PBXVariantGroup;
			children = (
				44B649F023EA75F000C9F914 /* Base */,
			);
			name = LaunchScreen.storyboard;
			sourceTree = "<group>";
		};
/* End PBXVariantGroup section */

/* Begin XCBuildConfiguration section */
		443AEA8123EEC8C40084A967 /* Debug */ = {
			isa = XCBuildConfiguration;
			buildSettings = {
				BUNDLE_LOADER = "$(TEST_HOST)";
				CODE_SIGN_STYLE = Automatic;
				INFOPLIST_FILE = IntegrationTest/Info.plist;
				LD_RUNPATH_SEARCH_PATHS = (
					"$(inherited)",
					"@executable_path/Frameworks",
					"@loader_path/Frameworks",
				);
				PRODUCT_BUNDLE_IDENTIFIER = com.ttozzi.IntegrationTest;
				PRODUCT_NAME = "$(TARGET_NAME)";
				SWIFT_VERSION = 5.0;
				TARGETED_DEVICE_FAMILY = "1,2";
				TEST_HOST = "$(BUILT_PRODUCTS_DIR)/CardGameApp.app/CardGameApp";
			};
			name = Debug;
		};
		443AEA8223EEC8C40084A967 /* Release */ = {
			isa = XCBuildConfiguration;
			buildSettings = {
				BUNDLE_LOADER = "$(TEST_HOST)";
				CODE_SIGN_STYLE = Automatic;
				INFOPLIST_FILE = IntegrationTest/Info.plist;
				LD_RUNPATH_SEARCH_PATHS = (
					"$(inherited)",
					"@executable_path/Frameworks",
					"@loader_path/Frameworks",
				);
				PRODUCT_BUNDLE_IDENTIFIER = com.ttozzi.IntegrationTest;
				PRODUCT_NAME = "$(TARGET_NAME)";
				SWIFT_VERSION = 5.0;
				TARGETED_DEVICE_FAMILY = "1,2";
				TEST_HOST = "$(BUILT_PRODUCTS_DIR)/CardGameApp.app/CardGameApp";
			};
			name = Release;
		};
		443AEA9623EECABB0084A967 /* Debug */ = {
			isa = XCBuildConfiguration;
			buildSettings = {
				BUNDLE_LOADER = "$(TEST_HOST)";
				CODE_SIGN_STYLE = Automatic;
				INFOPLIST_FILE = DeckTest/Info.plist;
				LD_RUNPATH_SEARCH_PATHS = (
					"$(inherited)",
					"@executable_path/Frameworks",
					"@loader_path/Frameworks",
				);
				PRODUCT_BUNDLE_IDENTIFIER = com.ttozzi.DeckTest;
				PRODUCT_NAME = "$(TARGET_NAME)";
				SWIFT_VERSION = 5.0;
				TARGETED_DEVICE_FAMILY = "1,2";
				TEST_HOST = "$(BUILT_PRODUCTS_DIR)/CardGameApp.app/CardGameApp";
			};
			name = Debug;
		};
		443AEA9723EECABB0084A967 /* Release */ = {
			isa = XCBuildConfiguration;
			buildSettings = {
				BUNDLE_LOADER = "$(TEST_HOST)";
				CODE_SIGN_STYLE = Automatic;
				INFOPLIST_FILE = DeckTest/Info.plist;
				LD_RUNPATH_SEARCH_PATHS = (
					"$(inherited)",
					"@executable_path/Frameworks",
					"@loader_path/Frameworks",
				);
				PRODUCT_BUNDLE_IDENTIFIER = com.ttozzi.DeckTest;
				PRODUCT_NAME = "$(TARGET_NAME)";
				SWIFT_VERSION = 5.0;
				TARGETED_DEVICE_FAMILY = "1,2";
				TEST_HOST = "$(BUILT_PRODUCTS_DIR)/CardGameApp.app/CardGameApp";
			};
			name = Release;
		};
		44B649F323EA75F000C9F914 /* Debug */ = {
			isa = XCBuildConfiguration;
			buildSettings = {
				ALWAYS_SEARCH_USER_PATHS = NO;
				CLANG_ANALYZER_NONNULL = YES;
				CLANG_ANALYZER_NUMBER_OBJECT_CONVERSION = YES_AGGRESSIVE;
				CLANG_CXX_LANGUAGE_STANDARD = "gnu++14";
				CLANG_CXX_LIBRARY = "libc++";
				CLANG_ENABLE_MODULES = YES;
				CLANG_ENABLE_OBJC_ARC = YES;
				CLANG_ENABLE_OBJC_WEAK = YES;
				CLANG_WARN_BLOCK_CAPTURE_AUTORELEASING = YES;
				CLANG_WARN_BOOL_CONVERSION = YES;
				CLANG_WARN_COMMA = YES;
				CLANG_WARN_CONSTANT_CONVERSION = YES;
				CLANG_WARN_DEPRECATED_OBJC_IMPLEMENTATIONS = YES;
				CLANG_WARN_DIRECT_OBJC_ISA_USAGE = YES_ERROR;
				CLANG_WARN_DOCUMENTATION_COMMENTS = YES;
				CLANG_WARN_EMPTY_BODY = YES;
				CLANG_WARN_ENUM_CONVERSION = YES;
				CLANG_WARN_INFINITE_RECURSION = YES;
				CLANG_WARN_INT_CONVERSION = YES;
				CLANG_WARN_NON_LITERAL_NULL_CONVERSION = YES;
				CLANG_WARN_OBJC_IMPLICIT_RETAIN_SELF = YES;
				CLANG_WARN_OBJC_LITERAL_CONVERSION = YES;
				CLANG_WARN_OBJC_ROOT_CLASS = YES_ERROR;
				CLANG_WARN_RANGE_LOOP_ANALYSIS = YES;
				CLANG_WARN_STRICT_PROTOTYPES = YES;
				CLANG_WARN_SUSPICIOUS_MOVE = YES;
				CLANG_WARN_UNGUARDED_AVAILABILITY = YES_AGGRESSIVE;
				CLANG_WARN_UNREACHABLE_CODE = YES;
				CLANG_WARN__DUPLICATE_METHOD_MATCH = YES;
				COPY_PHASE_STRIP = NO;
				DEBUG_INFORMATION_FORMAT = dwarf;
				ENABLE_STRICT_OBJC_MSGSEND = YES;
				ENABLE_TESTABILITY = YES;
				GCC_C_LANGUAGE_STANDARD = gnu11;
				GCC_DYNAMIC_NO_PIC = NO;
				GCC_NO_COMMON_BLOCKS = YES;
				GCC_OPTIMIZATION_LEVEL = 0;
				GCC_PREPROCESSOR_DEFINITIONS = (
					"DEBUG=1",
					"$(inherited)",
				);
				GCC_WARN_64_TO_32_BIT_CONVERSION = YES;
				GCC_WARN_ABOUT_RETURN_TYPE = YES_ERROR;
				GCC_WARN_UNDECLARED_SELECTOR = YES;
				GCC_WARN_UNINITIALIZED_AUTOS = YES_AGGRESSIVE;
				GCC_WARN_UNUSED_FUNCTION = YES;
				GCC_WARN_UNUSED_VARIABLE = YES;
				IPHONEOS_DEPLOYMENT_TARGET = 13.2;
				MTL_ENABLE_DEBUG_INFO = INCLUDE_SOURCE;
				MTL_FAST_MATH = YES;
				ONLY_ACTIVE_ARCH = YES;
				SDKROOT = iphoneos;
				SWIFT_ACTIVE_COMPILATION_CONDITIONS = DEBUG;
				SWIFT_OPTIMIZATION_LEVEL = "-Onone";
			};
			name = Debug;
		};
		44B649F423EA75F000C9F914 /* Release */ = {
			isa = XCBuildConfiguration;
			buildSettings = {
				ALWAYS_SEARCH_USER_PATHS = NO;
				CLANG_ANALYZER_NONNULL = YES;
				CLANG_ANALYZER_NUMBER_OBJECT_CONVERSION = YES_AGGRESSIVE;
				CLANG_CXX_LANGUAGE_STANDARD = "gnu++14";
				CLANG_CXX_LIBRARY = "libc++";
				CLANG_ENABLE_MODULES = YES;
				CLANG_ENABLE_OBJC_ARC = YES;
				CLANG_ENABLE_OBJC_WEAK = YES;
				CLANG_WARN_BLOCK_CAPTURE_AUTORELEASING = YES;
				CLANG_WARN_BOOL_CONVERSION = YES;
				CLANG_WARN_COMMA = YES;
				CLANG_WARN_CONSTANT_CONVERSION = YES;
				CLANG_WARN_DEPRECATED_OBJC_IMPLEMENTATIONS = YES;
				CLANG_WARN_DIRECT_OBJC_ISA_USAGE = YES_ERROR;
				CLANG_WARN_DOCUMENTATION_COMMENTS = YES;
				CLANG_WARN_EMPTY_BODY = YES;
				CLANG_WARN_ENUM_CONVERSION = YES;
				CLANG_WARN_INFINITE_RECURSION = YES;
				CLANG_WARN_INT_CONVERSION = YES;
				CLANG_WARN_NON_LITERAL_NULL_CONVERSION = YES;
				CLANG_WARN_OBJC_IMPLICIT_RETAIN_SELF = YES;
				CLANG_WARN_OBJC_LITERAL_CONVERSION = YES;
				CLANG_WARN_OBJC_ROOT_CLASS = YES_ERROR;
				CLANG_WARN_RANGE_LOOP_ANALYSIS = YES;
				CLANG_WARN_STRICT_PROTOTYPES = YES;
				CLANG_WARN_SUSPICIOUS_MOVE = YES;
				CLANG_WARN_UNGUARDED_AVAILABILITY = YES_AGGRESSIVE;
				CLANG_WARN_UNREACHABLE_CODE = YES;
				CLANG_WARN__DUPLICATE_METHOD_MATCH = YES;
				COPY_PHASE_STRIP = NO;
				DEBUG_INFORMATION_FORMAT = "dwarf-with-dsym";
				ENABLE_NS_ASSERTIONS = NO;
				ENABLE_STRICT_OBJC_MSGSEND = YES;
				GCC_C_LANGUAGE_STANDARD = gnu11;
				GCC_NO_COMMON_BLOCKS = YES;
				GCC_WARN_64_TO_32_BIT_CONVERSION = YES;
				GCC_WARN_ABOUT_RETURN_TYPE = YES_ERROR;
				GCC_WARN_UNDECLARED_SELECTOR = YES;
				GCC_WARN_UNINITIALIZED_AUTOS = YES_AGGRESSIVE;
				GCC_WARN_UNUSED_FUNCTION = YES;
				GCC_WARN_UNUSED_VARIABLE = YES;
				IPHONEOS_DEPLOYMENT_TARGET = 13.2;
				MTL_ENABLE_DEBUG_INFO = NO;
				MTL_FAST_MATH = YES;
				SDKROOT = iphoneos;
				SWIFT_COMPILATION_MODE = wholemodule;
				SWIFT_OPTIMIZATION_LEVEL = "-O";
				VALIDATE_PRODUCT = YES;
			};
			name = Release;
		};
		44B649F623EA75F000C9F914 /* Debug */ = {
			isa = XCBuildConfiguration;
			buildSettings = {
				ASSETCATALOG_COMPILER_APPICON_NAME = AppIcon;
				CODE_SIGN_STYLE = Automatic;
				INFOPLIST_FILE = CardGameApp/Info.plist;
				LD_RUNPATH_SEARCH_PATHS = (
					"$(inherited)",
					"@executable_path/Frameworks",
				);
				PRODUCT_BUNDLE_IDENTIFIER = com.ttozzi.CardGameApp;
				PRODUCT_NAME = "$(TARGET_NAME)";
				SWIFT_VERSION = 5.0;
				TARGETED_DEVICE_FAMILY = "1,2";
			};
			name = Debug;
		};
		44B649F723EA75F000C9F914 /* Release */ = {
			isa = XCBuildConfiguration;
			buildSettings = {
				ASSETCATALOG_COMPILER_APPICON_NAME = AppIcon;
				CODE_SIGN_STYLE = Automatic;
				INFOPLIST_FILE = CardGameApp/Info.plist;
				LD_RUNPATH_SEARCH_PATHS = (
					"$(inherited)",
					"@executable_path/Frameworks",
				);
				PRODUCT_BUNDLE_IDENTIFIER = com.ttozzi.CardGameApp;
				PRODUCT_NAME = "$(TARGET_NAME)";
				SWIFT_VERSION = 5.0;
				TARGETED_DEVICE_FAMILY = "1,2";
			};
			name = Release;
		};
/* End XCBuildConfiguration section */

/* Begin XCConfigurationList section */
		443AEA8323EEC8C40084A967 /* Build configuration list for PBXNativeTarget "IntegrationTest" */ = {
			isa = XCConfigurationList;
			buildConfigurations = (
				443AEA8123EEC8C40084A967 /* Debug */,
				443AEA8223EEC8C40084A967 /* Release */,
			);
			defaultConfigurationIsVisible = 0;
			defaultConfigurationName = Release;
		};
		443AEA9523EECABB0084A967 /* Build configuration list for PBXNativeTarget "DeckTest" */ = {
			isa = XCConfigurationList;
			buildConfigurations = (
				443AEA9623EECABB0084A967 /* Debug */,
				443AEA9723EECABB0084A967 /* Release */,
			);
			defaultConfigurationIsVisible = 0;
			defaultConfigurationName = Release;
		};
		44B649DC23EA75EE00C9F914 /* Build configuration list for PBXProject "CardGameApp" */ = {
			isa = XCConfigurationList;
			buildConfigurations = (
				44B649F323EA75F000C9F914 /* Debug */,
				44B649F423EA75F000C9F914 /* Release */,
			);
			defaultConfigurationIsVisible = 0;
			defaultConfigurationName = Release;
		};
		44B649F523EA75F000C9F914 /* Build configuration list for PBXNativeTarget "CardGameApp" */ = {
			isa = XCConfigurationList;
			buildConfigurations = (
				44B649F623EA75F000C9F914 /* Debug */,
				44B649F723EA75F000C9F914 /* Release */,
			);
			defaultConfigurationIsVisible = 0;
			defaultConfigurationName = Release;
		};
/* End XCConfigurationList section */
	};
	rootObject = 44B649D923EA75EE00C9F914 /* Project object */;
}
