// !$*UTF8*$!
{
	archiveVersion = 1;
	classes = {
	};
	objectVersion = 50;
	objects = {

/* Begin PBXBuildFile section */
		AB9C248F23F1170500BC552E /* AppDelegate.swift in Sources */ = {isa = PBXBuildFile; fileRef = AB9C248E23F1170500BC552E /* AppDelegate.swift */; };
		AB9C249123F1170500BC552E /* SceneDelegate.swift in Sources */ = {isa = PBXBuildFile; fileRef = AB9C249023F1170500BC552E /* SceneDelegate.swift */; };
		AB9C249323F1170500BC552E /* ViewController.swift in Sources */ = {isa = PBXBuildFile; fileRef = AB9C249223F1170500BC552E /* ViewController.swift */; };
		AB9C249623F1170500BC552E /* Main.storyboard in Resources */ = {isa = PBXBuildFile; fileRef = AB9C249423F1170500BC552E /* Main.storyboard */; };
		AB9C249823F1170800BC552E /* Assets.xcassets in Resources */ = {isa = PBXBuildFile; fileRef = AB9C249723F1170800BC552E /* Assets.xcassets */; };
		AB9C249B23F1170800BC552E /* LaunchScreen.storyboard in Resources */ = {isa = PBXBuildFile; fileRef = AB9C249923F1170800BC552E /* LaunchScreen.storyboard */; };
		AB9C24E423F39BC000BC552E /* Card.swift in Sources */ = {isa = PBXBuildFile; fileRef = AB9C24E323F39BC000BC552E /* Card.swift */; };
/* End PBXBuildFile section */

/* Begin PBXFileReference section */
		AB9C248B23F1170500BC552E /* CardGameApp.app */ = {isa = PBXFileReference; explicitFileType = wrapper.application; includeInIndex = 0; path = CardGameApp.app; sourceTree = BUILT_PRODUCTS_DIR; };
		AB9C248E23F1170500BC552E /* AppDelegate.swift */ = {isa = PBXFileReference; lastKnownFileType = sourcecode.swift; path = AppDelegate.swift; sourceTree = "<group>"; };
		AB9C249023F1170500BC552E /* SceneDelegate.swift */ = {isa = PBXFileReference; lastKnownFileType = sourcecode.swift; path = SceneDelegate.swift; sourceTree = "<group>"; };
		AB9C249223F1170500BC552E /* ViewController.swift */ = {isa = PBXFileReference; lastKnownFileType = sourcecode.swift; path = ViewController.swift; sourceTree = "<group>"; };
		AB9C249523F1170500BC552E /* Base */ = {isa = PBXFileReference; lastKnownFileType = file.storyboard; name = Base; path = Base.lproj/Main.storyboard; sourceTree = "<group>"; };
		AB9C249723F1170800BC552E /* Assets.xcassets */ = {isa = PBXFileReference; lastKnownFileType = folder.assetcatalog; path = Assets.xcassets; sourceTree = "<group>"; };
		AB9C249A23F1170800BC552E /* Base */ = {isa = PBXFileReference; lastKnownFileType = file.storyboard; name = Base; path = Base.lproj/LaunchScreen.storyboard; sourceTree = "<group>"; };
		AB9C249C23F1170800BC552E /* Info.plist */ = {isa = PBXFileReference; lastKnownFileType = text.plist.xml; path = Info.plist; sourceTree = "<group>"; };
		AB9C24E323F39BC000BC552E /* Card.swift */ = {isa = PBXFileReference; lastKnownFileType = sourcecode.swift; path = Card.swift; sourceTree = "<group>"; };
/* End PBXFileReference section */

/* Begin PBXFrameworksBuildPhase section */
		AB9C248823F1170500BC552E /* Frameworks */ = {
			isa = PBXFrameworksBuildPhase;
			buildActionMask = 2147483647;
			files = (
			);
			runOnlyForDeploymentPostprocessing = 0;
		};
/* End PBXFrameworksBuildPhase section */

/* Begin PBXGroup section */
		AB9C248223F1170500BC552E = {
			isa = PBXGroup;
			children = (
				AB9C248D23F1170500BC552E /* CardGameApp */,
				AB9C248C23F1170500BC552E /* Products */,
			);
			sourceTree = "<group>";
		};
		AB9C248C23F1170500BC552E /* Products */ = {
			isa = PBXGroup;
			children = (
				AB9C248B23F1170500BC552E /* CardGameApp.app */,
			);
			name = Products;
			sourceTree = "<group>";
		};
		AB9C248D23F1170500BC552E /* CardGameApp */ = {
			isa = PBXGroup;
			children = (
				AB9C24E523F3DC1C00BC552E /* model */,
				AB9C248E23F1170500BC552E /* AppDelegate.swift */,
				AB9C249023F1170500BC552E /* SceneDelegate.swift */,
				AB9C249223F1170500BC552E /* ViewController.swift */,
				AB9C249423F1170500BC552E /* Main.storyboard */,
				AB9C249723F1170800BC552E /* Assets.xcassets */,
				AB9C249923F1170800BC552E /* LaunchScreen.storyboard */,
				AB9C249C23F1170800BC552E /* Info.plist */,
			);
			path = CardGameApp;
			sourceTree = "<group>";
		};
		AB9C24E523F3DC1C00BC552E /* model */ = {
			isa = PBXGroup;
			children = (
				AB9C24E323F39BC000BC552E /* Card.swift */,
			);
			path = model;
			sourceTree = "<group>";
		};
/* End PBXGroup section */

/* Begin PBXNativeTarget section */
		AB9C248A23F1170500BC552E /* CardGameApp */ = {
			isa = PBXNativeTarget;
			buildConfigurationList = AB9C249F23F1170800BC552E /* Build configuration list for PBXNativeTarget "CardGameApp" */;
			buildPhases = (
				AB9C248723F1170500BC552E /* Sources */,
				AB9C248823F1170500BC552E /* Frameworks */,
				AB9C248923F1170500BC552E /* Resources */,
			);
			buildRules = (
			);
			dependencies = (
			);
			name = CardGameApp;
			productName = CardGameApp;
			productReference = AB9C248B23F1170500BC552E /* CardGameApp.app */;
			productType = "com.apple.product-type.application";
		};
/* End PBXNativeTarget section */

/* Begin PBXProject section */
		AB9C248323F1170500BC552E /* Project object */ = {
			isa = PBXProject;
			attributes = {
				LastSwiftUpdateCheck = 1130;
				LastUpgradeCheck = 1130;
				ORGANIZATIONNAME = "임승혁";
				TargetAttributes = {
					AB9C248A23F1170500BC552E = {
						CreatedOnToolsVersion = 11.3.1;
					};
				};
			};
			buildConfigurationList = AB9C248623F1170500BC552E /* Build configuration list for PBXProject "CardGameApp" */;
			compatibilityVersion = "Xcode 9.3";
			developmentRegion = en;
			hasScannedForEncodings = 0;
			knownRegions = (
				en,
				Base,
			);
			mainGroup = AB9C248223F1170500BC552E;
			productRefGroup = AB9C248C23F1170500BC552E /* Products */;
			projectDirPath = "";
			projectRoot = "";
			targets = (
				AB9C248A23F1170500BC552E /* CardGameApp */,
			);
		};
/* End PBXProject section */

/* Begin PBXResourcesBuildPhase section */
		AB9C248923F1170500BC552E /* Resources */ = {
			isa = PBXResourcesBuildPhase;
			buildActionMask = 2147483647;
			files = (
				AB9C249B23F1170800BC552E /* LaunchScreen.storyboard in Resources */,
				AB9C249823F1170800BC552E /* Assets.xcassets in Resources */,
				AB9C249623F1170500BC552E /* Main.storyboard in Resources */,
			);
			runOnlyForDeploymentPostprocessing = 0;
		};
/* End PBXResourcesBuildPhase section */

/* Begin PBXSourcesBuildPhase section */
		AB9C248723F1170500BC552E /* Sources */ = {
			isa = PBXSourcesBuildPhase;
			buildActionMask = 2147483647;
			files = (
				AB9C249323F1170500BC552E /* ViewController.swift in Sources */,
				AB9C248F23F1170500BC552E /* AppDelegate.swift in Sources */,
				AB9C249123F1170500BC552E /* SceneDelegate.swift in Sources */,
				AB9C24E423F39BC000BC552E /* Card.swift in Sources */,
			);
			runOnlyForDeploymentPostprocessing = 0;
		};
/* End PBXSourcesBuildPhase section */

/* Begin PBXVariantGroup section */
		AB9C249423F1170500BC552E /* Main.storyboard */ = {
			isa = PBXVariantGroup;
			children = (
				AB9C249523F1170500BC552E /* Base */,
			);
			name = Main.storyboard;
			sourceTree = "<group>";
		};
		AB9C249923F1170800BC552E /* LaunchScreen.storyboard */ = {
			isa = PBXVariantGroup;
			children = (
				AB9C249A23F1170800BC552E /* Base */,
			);
			name = LaunchScreen.storyboard;
			sourceTree = "<group>";
		};
/* End PBXVariantGroup section */

/* Begin XCBuildConfiguration section */
		AB9C249D23F1170800BC552E /* Debug */ = {
			isa = XCBuildConfiguration;
			buildSettings = {
				ALWAYS_SEARCH_USER_PATHS = NO;
				CLANG_ANALYZER_NONNULL = YES;
				CLANG_ANALYZER_NUMBER_OBJECT_CONVERSION = YES_AGGRESSIVE;
				CLANG_CXX_LANGUAGE_STANDARD = "gnu++14";
				CLANG_CXX_LIBRARY = "libc++";
				CLANG_ENABLE_MODULES = YES;
				CLANG_ENABLE_OBJC_ARC = YES;
				CLANG_ENABLE_OBJC_WEAK = YES;
				CLANG_WARN_BLOCK_CAPTURE_AUTORELEASING = YES;
				CLANG_WARN_BOOL_CONVERSION = YES;
				CLANG_WARN_COMMA = YES;
				CLANG_WARN_CONSTANT_CONVERSION = YES;
				CLANG_WARN_DEPRECATED_OBJC_IMPLEMENTATIONS = YES;
				CLANG_WARN_DIRECT_OBJC_ISA_USAGE = YES_ERROR;
				CLANG_WARN_DOCUMENTATION_COMMENTS = YES;
				CLANG_WARN_EMPTY_BODY = YES;
				CLANG_WARN_ENUM_CONVERSION = YES;
				CLANG_WARN_INFINITE_RECURSION = YES;
				CLANG_WARN_INT_CONVERSION = YES;
				CLANG_WARN_NON_LITERAL_NULL_CONVERSION = YES;
				CLANG_WARN_OBJC_IMPLICIT_RETAIN_SELF = YES;
				CLANG_WARN_OBJC_LITERAL_CONVERSION = YES;
				CLANG_WARN_OBJC_ROOT_CLASS = YES_ERROR;
				CLANG_WARN_RANGE_LOOP_ANALYSIS = YES;
				CLANG_WARN_STRICT_PROTOTYPES = YES;
				CLANG_WARN_SUSPICIOUS_MOVE = YES;
				CLANG_WARN_UNGUARDED_AVAILABILITY = YES_AGGRESSIVE;
				CLANG_WARN_UNREACHABLE_CODE = YES;
				CLANG_WARN__DUPLICATE_METHOD_MATCH = YES;
				COPY_PHASE_STRIP = NO;
				DEBUG_INFORMATION_FORMAT = dwarf;
				ENABLE_STRICT_OBJC_MSGSEND = YES;
				ENABLE_TESTABILITY = YES;
				GCC_C_LANGUAGE_STANDARD = gnu11;
				GCC_DYNAMIC_NO_PIC = NO;
				GCC_NO_COMMON_BLOCKS = YES;
				GCC_OPTIMIZATION_LEVEL = 0;
				GCC_PREPROCESSOR_DEFINITIONS = (
					"DEBUG=1",
					"$(inherited)",
				);
				GCC_WARN_64_TO_32_BIT_CONVERSION = YES;
				GCC_WARN_ABOUT_RETURN_TYPE = YES_ERROR;
				GCC_WARN_UNDECLARED_SELECTOR = YES;
				GCC_WARN_UNINITIALIZED_AUTOS = YES_AGGRESSIVE;
				GCC_WARN_UNUSED_FUNCTION = YES;
				GCC_WARN_UNUSED_VARIABLE = YES;
				IPHONEOS_DEPLOYMENT_TARGET = 13.2;
				MTL_ENABLE_DEBUG_INFO = INCLUDE_SOURCE;
				MTL_FAST_MATH = YES;
				ONLY_ACTIVE_ARCH = YES;
				SDKROOT = iphoneos;
				SWIFT_ACTIVE_COMPILATION_CONDITIONS = DEBUG;
				SWIFT_OPTIMIZATION_LEVEL = "-Onone";
			};
			name = Debug;
		};
		AB9C249E23F1170800BC552E /* Release */ = {
			isa = XCBuildConfiguration;
			buildSettings = {
				ALWAYS_SEARCH_USER_PATHS = NO;
				CLANG_ANALYZER_NONNULL = YES;
				CLANG_ANALYZER_NUMBER_OBJECT_CONVERSION = YES_AGGRESSIVE;
				CLANG_CXX_LANGUAGE_STANDARD = "gnu++14";
				CLANG_CXX_LIBRARY = "libc++";
				CLANG_ENABLE_MODULES = YES;
				CLANG_ENABLE_OBJC_ARC = YES;
				CLANG_ENABLE_OBJC_WEAK = YES;
				CLANG_WARN_BLOCK_CAPTURE_AUTORELEASING = YES;
				CLANG_WARN_BOOL_CONVERSION = YES;
				CLANG_WARN_COMMA = YES;
				CLANG_WARN_CONSTANT_CONVERSION = YES;
				CLANG_WARN_DEPRECATED_OBJC_IMPLEMENTATIONS = YES;
				CLANG_WARN_DIRECT_OBJC_ISA_USAGE = YES_ERROR;
				CLANG_WARN_DOCUMENTATION_COMMENTS = YES;
				CLANG_WARN_EMPTY_BODY = YES;
				CLANG_WARN_ENUM_CONVERSION = YES;
				CLANG_WARN_INFINITE_RECURSION = YES;
				CLANG_WARN_INT_CONVERSION = YES;
				CLANG_WARN_NON_LITERAL_NULL_CONVERSION = YES;
				CLANG_WARN_OBJC_IMPLICIT_RETAIN_SELF = YES;
				CLANG_WARN_OBJC_LITERAL_CONVERSION = YES;
				CLANG_WARN_OBJC_ROOT_CLASS = YES_ERROR;
				CLANG_WARN_RANGE_LOOP_ANALYSIS = YES;
				CLANG_WARN_STRICT_PROTOTYPES = YES;
				CLANG_WARN_SUSPICIOUS_MOVE = YES;
				CLANG_WARN_UNGUARDED_AVAILABILITY = YES_AGGRESSIVE;
				CLANG_WARN_UNREACHABLE_CODE = YES;
				CLANG_WARN__DUPLICATE_METHOD_MATCH = YES;
				COPY_PHASE_STRIP = NO;
				DEBUG_INFORMATION_FORMAT = "dwarf-with-dsym";
				ENABLE_NS_ASSERTIONS = NO;
				ENABLE_STRICT_OBJC_MSGSEND = YES;
				GCC_C_LANGUAGE_STANDARD = gnu11;
				GCC_NO_COMMON_BLOCKS = YES;
				GCC_WARN_64_TO_32_BIT_CONVERSION = YES;
				GCC_WARN_ABOUT_RETURN_TYPE = YES_ERROR;
				GCC_WARN_UNDECLARED_SELECTOR = YES;
				GCC_WARN_UNINITIALIZED_AUTOS = YES_AGGRESSIVE;
				GCC_WARN_UNUSED_FUNCTION = YES;
				GCC_WARN_UNUSED_VARIABLE = YES;
				IPHONEOS_DEPLOYMENT_TARGET = 13.2;
				MTL_ENABLE_DEBUG_INFO = NO;
				MTL_FAST_MATH = YES;
				SDKROOT = iphoneos;
				SWIFT_COMPILATION_MODE = wholemodule;
				SWIFT_OPTIMIZATION_LEVEL = "-O";
				VALIDATE_PRODUCT = YES;
			};
			name = Release;
		};
		AB9C24A023F1170800BC552E /* Debug */ = {
			isa = XCBuildConfiguration;
			buildSettings = {
				ASSETCATALOG_COMPILER_APPICON_NAME = AppIcon;
				CODE_SIGN_STYLE = Automatic;
				INFOPLIST_FILE = CardGameApp/Info.plist;
				LD_RUNPATH_SEARCH_PATHS = (
					"$(inherited)",
					"@executable_path/Frameworks",
				);
				PRODUCT_BUNDLE_IDENTIFIER = Limwin94.CardGameApp;
				PRODUCT_NAME = "$(TARGET_NAME)";
				SWIFT_VERSION = 5.0;
				TARGETED_DEVICE_FAMILY = "1,2";
			};
			name = Debug;
		};
		AB9C24A123F1170800BC552E /* Release */ = {
			isa = XCBuildConfiguration;
			buildSettings = {
				ASSETCATALOG_COMPILER_APPICON_NAME = AppIcon;
				CODE_SIGN_STYLE = Automatic;
				INFOPLIST_FILE = CardGameApp/Info.plist;
				LD_RUNPATH_SEARCH_PATHS = (
					"$(inherited)",
					"@executable_path/Frameworks",
				);
				PRODUCT_BUNDLE_IDENTIFIER = Limwin94.CardGameApp;
				PRODUCT_NAME = "$(TARGET_NAME)";
				SWIFT_VERSION = 5.0;
				TARGETED_DEVICE_FAMILY = "1,2";
			};
			name = Release;
		};
/* End XCBuildConfiguration section */

/* Begin XCConfigurationList section */
		AB9C248623F1170500BC552E /* Build configuration list for PBXProject "CardGameApp" */ = {
			isa = XCConfigurationList;
			buildConfigurations = (
				AB9C249D23F1170800BC552E /* Debug */,
				AB9C249E23F1170800BC552E /* Release */,
			);
			defaultConfigurationIsVisible = 0;
			defaultConfigurationName = Release;
		};
		AB9C249F23F1170800BC552E /* Build configuration list for PBXNativeTarget "CardGameApp" */ = {
			isa = XCConfigurationList;
			buildConfigurations = (
				AB9C24A023F1170800BC552E /* Debug */,
				AB9C24A123F1170800BC552E /* Release */,
			);
			defaultConfigurationIsVisible = 0;
			defaultConfigurationName = Release;
		};
/* End XCConfigurationList section */
	};
	rootObject = AB9C248323F1170500BC552E /* Project object */;
}
