// !$*UTF8*$!
{
	archiveVersion = 1;
	classes = {
	};
	objectVersion = 50;
	objects = {

/* Begin PBXBuildFile section */
		1010B58225DD3E01000BFF4A /* DealerTest.swift in Sources */ = {isa = PBXBuildFile; fileRef = 1010B58125DD3E01000BFF4A /* DealerTest.swift */; };
		1022A0EB25DC06F9001F6907 /* PokerGame.swift in Sources */ = {isa = PBXBuildFile; fileRef = 1022A0EA25DC06F9001F6907 /* PokerGame.swift */; };
		1022A0EF25DC0A5E001F6907 /* Player.swift in Sources */ = {isa = PBXBuildFile; fileRef = 1022A0EE25DC0A5E001F6907 /* Player.swift */; };
		1073D84F25DA45260093EE7B /* AppDelegate.swift in Sources */ = {isa = PBXBuildFile; fileRef = 1073D84E25DA45260093EE7B /* AppDelegate.swift */; };
		1073D85125DA45260093EE7B /* SceneDelegate.swift in Sources */ = {isa = PBXBuildFile; fileRef = 1073D85025DA45260093EE7B /* SceneDelegate.swift */; };
		1073D85325DA45260093EE7B /* CardViewController.swift in Sources */ = {isa = PBXBuildFile; fileRef = 1073D85225DA45260093EE7B /* CardViewController.swift */; };
		1073D85625DA45260093EE7B /* Main.storyboard in Resources */ = {isa = PBXBuildFile; fileRef = 1073D85425DA45260093EE7B /* Main.storyboard */; };
		1073D85825DA45260093EE7B /* Assets.xcassets in Resources */ = {isa = PBXBuildFile; fileRef = 1073D85725DA45260093EE7B /* Assets.xcassets */; };
		1073D85B25DA45260093EE7B /* LaunchScreen.storyboard in Resources */ = {isa = PBXBuildFile; fileRef = 1073D85925DA45260093EE7B /* LaunchScreen.storyboard */; };
		10A2776125DCEF9A009C8545 /* Cards.swift in Sources */ = {isa = PBXBuildFile; fileRef = 10A2776025DCEF9A009C8545 /* Cards.swift */; };
		10A2776525DCF063009C8545 /* Dealer.swift in Sources */ = {isa = PBXBuildFile; fileRef = 10A2776425DCF062009C8545 /* Dealer.swift */; };
		10A2776925DCF407009C8545 /* PlayOption.swift in Sources */ = {isa = PBXBuildFile; fileRef = 10A2776825DCF407009C8545 /* PlayOption.swift */; };
		10A2777325DD010E009C8545 /* CardsTest.swift in Sources */ = {isa = PBXBuildFile; fileRef = 10A2777225DD010E009C8545 /* CardsTest.swift */; };
		10C88B9E25DB8545003127FD /* CardDeckTest.swift in Sources */ = {isa = PBXBuildFile; fileRef = 10C88B9D25DB8545003127FD /* CardDeckTest.swift */; };
		10CDDC8425DA662F00A3A6EE /* Card.swift in Sources */ = {isa = PBXBuildFile; fileRef = 10CDDC8325DA662F00A3A6EE /* Card.swift */; };
		10E39DF425DA98D400605428 /* CardDeck.swift in Sources */ = {isa = PBXBuildFile; fileRef = 10E39DF325DA98D400605428 /* CardDeck.swift */; };
/* End PBXBuildFile section */

/* Begin PBXContainerItemProxy section */
		10C88B7F25DB7AB5003127FD /* PBXContainerItemProxy */ = {
			isa = PBXContainerItemProxy;
			containerPortal = 1073D84325DA45260093EE7B /* Project object */;
			proxyType = 1;
			remoteGlobalIDString = 1073D84A25DA45260093EE7B;
			remoteInfo = PokerGameApp;
		};
/* End PBXContainerItemProxy section */

/* Begin PBXFileReference section */
		1010B58125DD3E01000BFF4A /* DealerTest.swift */ = {isa = PBXFileReference; lastKnownFileType = sourcecode.swift; path = DealerTest.swift; sourceTree = "<group>"; };
		1022A0EA25DC06F9001F6907 /* PokerGame.swift */ = {isa = PBXFileReference; lastKnownFileType = sourcecode.swift; path = PokerGame.swift; sourceTree = "<group>"; };
		1022A0EE25DC0A5E001F6907 /* Player.swift */ = {isa = PBXFileReference; lastKnownFileType = sourcecode.swift; path = Player.swift; sourceTree = "<group>"; };
		1073D84B25DA45260093EE7B /* PokerGameApp.app */ = {isa = PBXFileReference; explicitFileType = wrapper.application; includeInIndex = 0; path = PokerGameApp.app; sourceTree = BUILT_PRODUCTS_DIR; };
		1073D84E25DA45260093EE7B /* AppDelegate.swift */ = {isa = PBXFileReference; lastKnownFileType = sourcecode.swift; path = AppDelegate.swift; sourceTree = "<group>"; };
		1073D85025DA45260093EE7B /* SceneDelegate.swift */ = {isa = PBXFileReference; lastKnownFileType = sourcecode.swift; path = SceneDelegate.swift; sourceTree = "<group>"; };
		1073D85225DA45260093EE7B /* CardViewController.swift */ = {isa = PBXFileReference; lastKnownFileType = sourcecode.swift; path = CardViewController.swift; sourceTree = "<group>"; };
		1073D85525DA45260093EE7B /* Base */ = {isa = PBXFileReference; lastKnownFileType = file.storyboard; name = Base; path = Base.lproj/Main.storyboard; sourceTree = "<group>"; };
		1073D85725DA45260093EE7B /* Assets.xcassets */ = {isa = PBXFileReference; lastKnownFileType = folder.assetcatalog; path = Assets.xcassets; sourceTree = "<group>"; };
		1073D85A25DA45260093EE7B /* Base */ = {isa = PBXFileReference; lastKnownFileType = file.storyboard; name = Base; path = Base.lproj/LaunchScreen.storyboard; sourceTree = "<group>"; };
		1073D85C25DA45260093EE7B /* Info.plist */ = {isa = PBXFileReference; lastKnownFileType = text.plist.xml; path = Info.plist; sourceTree = "<group>"; };
		10A2776025DCEF9A009C8545 /* Cards.swift */ = {isa = PBXFileReference; lastKnownFileType = sourcecode.swift; path = Cards.swift; sourceTree = "<group>"; };
		10A2776425DCF062009C8545 /* Dealer.swift */ = {isa = PBXFileReference; lastKnownFileType = sourcecode.swift; path = Dealer.swift; sourceTree = "<group>"; };
		10A2776825DCF407009C8545 /* PlayOption.swift */ = {isa = PBXFileReference; lastKnownFileType = sourcecode.swift; path = PlayOption.swift; sourceTree = "<group>"; };
		10A2777225DD010E009C8545 /* CardsTest.swift */ = {isa = PBXFileReference; lastKnownFileType = sourcecode.swift; path = CardsTest.swift; sourceTree = "<group>"; };
		10C88B7A25DB7AB5003127FD /* PokerGameAppTests.xctest */ = {isa = PBXFileReference; explicitFileType = wrapper.cfbundle; includeInIndex = 0; path = PokerGameAppTests.xctest; sourceTree = BUILT_PRODUCTS_DIR; };
		10C88B7E25DB7AB5003127FD /* Info.plist */ = {isa = PBXFileReference; lastKnownFileType = text.plist.xml; path = Info.plist; sourceTree = "<group>"; };
		10C88B9D25DB8545003127FD /* CardDeckTest.swift */ = {isa = PBXFileReference; lastKnownFileType = sourcecode.swift; path = CardDeckTest.swift; sourceTree = "<group>"; };
		10CDDC8325DA662F00A3A6EE /* Card.swift */ = {isa = PBXFileReference; lastKnownFileType = sourcecode.swift; path = Card.swift; sourceTree = "<group>"; };
		10E39DF325DA98D400605428 /* CardDeck.swift */ = {isa = PBXFileReference; lastKnownFileType = sourcecode.swift; path = CardDeck.swift; sourceTree = "<group>"; };
/* End PBXFileReference section */

/* Begin PBXFrameworksBuildPhase section */
		1073D84825DA45260093EE7B /* Frameworks */ = {
			isa = PBXFrameworksBuildPhase;
			buildActionMask = 2147483647;
			files = (
			);
			runOnlyForDeploymentPostprocessing = 0;
		};
		10C88B7725DB7AB5003127FD /* Frameworks */ = {
			isa = PBXFrameworksBuildPhase;
			buildActionMask = 2147483647;
			files = (
			);
			runOnlyForDeploymentPostprocessing = 0;
		};
/* End PBXFrameworksBuildPhase section */

/* Begin PBXGroup section */
		1073D84225DA45260093EE7B = {
			isa = PBXGroup;
			children = (
				1073D84D25DA45260093EE7B /* PokerGameApp */,
				10C88B7B25DB7AB5003127FD /* PokerGameAppTests */,
				1073D84C25DA45260093EE7B /* Products */,
			);
			sourceTree = "<group>";
		};
		1073D84C25DA45260093EE7B /* Products */ = {
			isa = PBXGroup;
			children = (
				1073D84B25DA45260093EE7B /* PokerGameApp.app */,
				10C88B7A25DB7AB5003127FD /* PokerGameAppTests.xctest */,
			);
			name = Products;
			sourceTree = "<group>";
		};
		1073D84D25DA45260093EE7B /* PokerGameApp */ = {
			isa = PBXGroup;
			children = (
				1073D84E25DA45260093EE7B /* AppDelegate.swift */,
				1073D85025DA45260093EE7B /* SceneDelegate.swift */,
				1073D85225DA45260093EE7B /* CardViewController.swift */,
				1073D85425DA45260093EE7B /* Main.storyboard */,
				1073D85725DA45260093EE7B /* Assets.xcassets */,
				1073D85925DA45260093EE7B /* LaunchScreen.storyboard */,
				1073D85C25DA45260093EE7B /* Info.plist */,
				10CDDC8325DA662F00A3A6EE /* Card.swift */,
				10E39DF325DA98D400605428 /* CardDeck.swift */,
				10A2776025DCEF9A009C8545 /* Cards.swift */,
				1022A0EA25DC06F9001F6907 /* PokerGame.swift */,
				1022A0EE25DC0A5E001F6907 /* Player.swift */,
				10A2776425DCF062009C8545 /* Dealer.swift */,
				10A2776825DCF407009C8545 /* PlayOption.swift */,
			);
			path = PokerGameApp;
			sourceTree = "<group>";
		};
		10C88B7B25DB7AB5003127FD /* PokerGameAppTests */ = {
			isa = PBXGroup;
			children = (
				10C88B7E25DB7AB5003127FD /* Info.plist */,
				10C88B9D25DB8545003127FD /* CardDeckTest.swift */,
				10A2777225DD010E009C8545 /* CardsTest.swift */,
				1010B58125DD3E01000BFF4A /* DealerTest.swift */,
			);
			path = PokerGameAppTests;
			sourceTree = "<group>";
		};
/* End PBXGroup section */

/* Begin PBXNativeTarget section */
		1073D84A25DA45260093EE7B /* PokerGameApp */ = {
			isa = PBXNativeTarget;
			buildConfigurationList = 1073D85F25DA45260093EE7B /* Build configuration list for PBXNativeTarget "PokerGameApp" */;
			buildPhases = (
				1073D84725DA45260093EE7B /* Sources */,
				1073D84825DA45260093EE7B /* Frameworks */,
				1073D84925DA45260093EE7B /* Resources */,
			);
			buildRules = (
			);
			dependencies = (
			);
			name = PokerGameApp;
			productName = PokerGameApp;
			productReference = 1073D84B25DA45260093EE7B /* PokerGameApp.app */;
			productType = "com.apple.product-type.application";
		};
		10C88B7925DB7AB5003127FD /* PokerGameAppTests */ = {
			isa = PBXNativeTarget;
			buildConfigurationList = 10C88B8325DB7AB5003127FD /* Build configuration list for PBXNativeTarget "PokerGameAppTests" */;
			buildPhases = (
				10C88B7625DB7AB5003127FD /* Sources */,
				10C88B7725DB7AB5003127FD /* Frameworks */,
				10C88B7825DB7AB5003127FD /* Resources */,
			);
			buildRules = (
			);
			dependencies = (
				10C88B8025DB7AB5003127FD /* PBXTargetDependency */,
			);
			name = PokerGameAppTests;
			productName = PokerGameAppTests;
			productReference = 10C88B7A25DB7AB5003127FD /* PokerGameAppTests.xctest */;
			productType = "com.apple.product-type.bundle.unit-test";
		};
/* End PBXNativeTarget section */

/* Begin PBXProject section */
		1073D84325DA45260093EE7B /* Project object */ = {
			isa = PBXProject;
			attributes = {
				LastSwiftUpdateCheck = 1240;
				LastUpgradeCheck = 1240;
				TargetAttributes = {
					1073D84A25DA45260093EE7B = {
						CreatedOnToolsVersion = 12.4;
					};
					10C88B7925DB7AB5003127FD = {
						CreatedOnToolsVersion = 12.4;
						TestTargetID = 1073D84A25DA45260093EE7B;
					};
				};
			};
			buildConfigurationList = 1073D84625DA45260093EE7B /* Build configuration list for PBXProject "PokerGameApp" */;
			compatibilityVersion = "Xcode 9.3";
			developmentRegion = en;
			hasScannedForEncodings = 0;
			knownRegions = (
				en,
				Base,
			);
			mainGroup = 1073D84225DA45260093EE7B;
			productRefGroup = 1073D84C25DA45260093EE7B /* Products */;
			projectDirPath = "";
			projectRoot = "";
			targets = (
				1073D84A25DA45260093EE7B /* PokerGameApp */,
				10C88B7925DB7AB5003127FD /* PokerGameAppTests */,
			);
		};
/* End PBXProject section */

/* Begin PBXResourcesBuildPhase section */
		1073D84925DA45260093EE7B /* Resources */ = {
			isa = PBXResourcesBuildPhase;
			buildActionMask = 2147483647;
			files = (
				1073D85B25DA45260093EE7B /* LaunchScreen.storyboard in Resources */,
				1073D85825DA45260093EE7B /* Assets.xcassets in Resources */,
				1073D85625DA45260093EE7B /* Main.storyboard in Resources */,
			);
			runOnlyForDeploymentPostprocessing = 0;
		};
		10C88B7825DB7AB5003127FD /* Resources */ = {
			isa = PBXResourcesBuildPhase;
			buildActionMask = 2147483647;
			files = (
			);
			runOnlyForDeploymentPostprocessing = 0;
		};
/* End PBXResourcesBuildPhase section */

/* Begin PBXSourcesBuildPhase section */
		1073D84725DA45260093EE7B /* Sources */ = {
			isa = PBXSourcesBuildPhase;
			buildActionMask = 2147483647;
			files = (
				1073D85325DA45260093EE7B /* CardViewController.swift in Sources */,
				1073D84F25DA45260093EE7B /* AppDelegate.swift in Sources */,
				10A2776525DCF063009C8545 /* Dealer.swift in Sources */,
				10E39DF425DA98D400605428 /* CardDeck.swift in Sources */,
				10A2776125DCEF9A009C8545 /* Cards.swift in Sources */,
				1022A0EB25DC06F9001F6907 /* PokerGame.swift in Sources */,
				1022A0EF25DC0A5E001F6907 /* Player.swift in Sources */,
				10A2776925DCF407009C8545 /* PlayOption.swift in Sources */,
				10CDDC8425DA662F00A3A6EE /* Card.swift in Sources */,
				1073D85125DA45260093EE7B /* SceneDelegate.swift in Sources */,
			);
			runOnlyForDeploymentPostprocessing = 0;
		};
		10C88B7625DB7AB5003127FD /* Sources */ = {
			isa = PBXSourcesBuildPhase;
			buildActionMask = 2147483647;
			files = (
				1010B58225DD3E01000BFF4A /* DealerTest.swift in Sources */,
				10A2777325DD010E009C8545 /* CardsTest.swift in Sources */,
				10C88B9E25DB8545003127FD /* CardDeckTest.swift in Sources */,
			);
			runOnlyForDeploymentPostprocessing = 0;
		};
/* End PBXSourcesBuildPhase section */

/* Begin PBXTargetDependency section */
		10C88B8025DB7AB5003127FD /* PBXTargetDependency */ = {
			isa = PBXTargetDependency;
			target = 1073D84A25DA45260093EE7B /* PokerGameApp */;
			targetProxy = 10C88B7F25DB7AB5003127FD /* PBXContainerItemProxy */;
		};
/* End PBXTargetDependency section */

/* Begin PBXVariantGroup section */
		1073D85425DA45260093EE7B /* Main.storyboard */ = {
			isa = PBXVariantGroup;
			children = (
				1073D85525DA45260093EE7B /* Base */,
			);
			name = Main.storyboard;
			sourceTree = "<group>";
		};
		1073D85925DA45260093EE7B /* LaunchScreen.storyboard */ = {
			isa = PBXVariantGroup;
			children = (
				1073D85A25DA45260093EE7B /* Base */,
			);
			name = LaunchScreen.storyboard;
			sourceTree = "<group>";
		};
/* End PBXVariantGroup section */

/* Begin XCBuildConfiguration section */
		1073D85D25DA45260093EE7B /* Debug */ = {
			isa = XCBuildConfiguration;
			buildSettings = {
				ALWAYS_SEARCH_USER_PATHS = NO;
				CLANG_ANALYZER_NONNULL = YES;
				CLANG_ANALYZER_NUMBER_OBJECT_CONVERSION = YES_AGGRESSIVE;
				CLANG_CXX_LANGUAGE_STANDARD = "gnu++14";
				CLANG_CXX_LIBRARY = "libc++";
				CLANG_ENABLE_MODULES = YES;
				CLANG_ENABLE_OBJC_ARC = YES;
				CLANG_ENABLE_OBJC_WEAK = YES;
				CLANG_WARN_BLOCK_CAPTURE_AUTORELEASING = YES;
				CLANG_WARN_BOOL_CONVERSION = YES;
				CLANG_WARN_COMMA = YES;
				CLANG_WARN_CONSTANT_CONVERSION = YES;
				CLANG_WARN_DEPRECATED_OBJC_IMPLEMENTATIONS = YES;
				CLANG_WARN_DIRECT_OBJC_ISA_USAGE = YES_ERROR;
				CLANG_WARN_DOCUMENTATION_COMMENTS = YES;
				CLANG_WARN_EMPTY_BODY = YES;
				CLANG_WARN_ENUM_CONVERSION = YES;
				CLANG_WARN_INFINITE_RECURSION = YES;
				CLANG_WARN_INT_CONVERSION = YES;
				CLANG_WARN_NON_LITERAL_NULL_CONVERSION = YES;
				CLANG_WARN_OBJC_IMPLICIT_RETAIN_SELF = YES;
				CLANG_WARN_OBJC_LITERAL_CONVERSION = YES;
				CLANG_WARN_OBJC_ROOT_CLASS = YES_ERROR;
				CLANG_WARN_QUOTED_INCLUDE_IN_FRAMEWORK_HEADER = YES;
				CLANG_WARN_RANGE_LOOP_ANALYSIS = YES;
				CLANG_WARN_STRICT_PROTOTYPES = YES;
				CLANG_WARN_SUSPICIOUS_MOVE = YES;
				CLANG_WARN_UNGUARDED_AVAILABILITY = YES_AGGRESSIVE;
				CLANG_WARN_UNREACHABLE_CODE = YES;
				CLANG_WARN__DUPLICATE_METHOD_MATCH = YES;
				COPY_PHASE_STRIP = NO;
				DEBUG_INFORMATION_FORMAT = dwarf;
				ENABLE_STRICT_OBJC_MSGSEND = YES;
				ENABLE_TESTABILITY = YES;
				GCC_C_LANGUAGE_STANDARD = gnu11;
				GCC_DYNAMIC_NO_PIC = NO;
				GCC_NO_COMMON_BLOCKS = YES;
				GCC_OPTIMIZATION_LEVEL = 0;
				GCC_PREPROCESSOR_DEFINITIONS = (
					"DEBUG=1",
					"$(inherited)",
				);
				GCC_WARN_64_TO_32_BIT_CONVERSION = YES;
				GCC_WARN_ABOUT_RETURN_TYPE = YES_ERROR;
				GCC_WARN_UNDECLARED_SELECTOR = YES;
				GCC_WARN_UNINITIALIZED_AUTOS = YES_AGGRESSIVE;
				GCC_WARN_UNUSED_FUNCTION = YES;
				GCC_WARN_UNUSED_VARIABLE = YES;
				IPHONEOS_DEPLOYMENT_TARGET = 14.4;
				MTL_ENABLE_DEBUG_INFO = INCLUDE_SOURCE;
				MTL_FAST_MATH = YES;
				ONLY_ACTIVE_ARCH = YES;
				SDKROOT = iphoneos;
				SWIFT_ACTIVE_COMPILATION_CONDITIONS = DEBUG;
				SWIFT_OPTIMIZATION_LEVEL = "-Onone";
			};
			name = Debug;
		};
		1073D85E25DA45260093EE7B /* Release */ = {
			isa = XCBuildConfiguration;
			buildSettings = {
				ALWAYS_SEARCH_USER_PATHS = NO;
				CLANG_ANALYZER_NONNULL = YES;
				CLANG_ANALYZER_NUMBER_OBJECT_CONVERSION = YES_AGGRESSIVE;
				CLANG_CXX_LANGUAGE_STANDARD = "gnu++14";
				CLANG_CXX_LIBRARY = "libc++";
				CLANG_ENABLE_MODULES = YES;
				CLANG_ENABLE_OBJC_ARC = YES;
				CLANG_ENABLE_OBJC_WEAK = YES;
				CLANG_WARN_BLOCK_CAPTURE_AUTORELEASING = YES;
				CLANG_WARN_BOOL_CONVERSION = YES;
				CLANG_WARN_COMMA = YES;
				CLANG_WARN_CONSTANT_CONVERSION = YES;
				CLANG_WARN_DEPRECATED_OBJC_IMPLEMENTATIONS = YES;
				CLANG_WARN_DIRECT_OBJC_ISA_USAGE = YES_ERROR;
				CLANG_WARN_DOCUMENTATION_COMMENTS = YES;
				CLANG_WARN_EMPTY_BODY = YES;
				CLANG_WARN_ENUM_CONVERSION = YES;
				CLANG_WARN_INFINITE_RECURSION = YES;
				CLANG_WARN_INT_CONVERSION = YES;
				CLANG_WARN_NON_LITERAL_NULL_CONVERSION = YES;
				CLANG_WARN_OBJC_IMPLICIT_RETAIN_SELF = YES;
				CLANG_WARN_OBJC_LITERAL_CONVERSION = YES;
				CLANG_WARN_OBJC_ROOT_CLASS = YES_ERROR;
				CLANG_WARN_QUOTED_INCLUDE_IN_FRAMEWORK_HEADER = YES;
				CLANG_WARN_RANGE_LOOP_ANALYSIS = YES;
				CLANG_WARN_STRICT_PROTOTYPES = YES;
				CLANG_WARN_SUSPICIOUS_MOVE = YES;
				CLANG_WARN_UNGUARDED_AVAILABILITY = YES_AGGRESSIVE;
				CLANG_WARN_UNREACHABLE_CODE = YES;
				CLANG_WARN__DUPLICATE_METHOD_MATCH = YES;
				COPY_PHASE_STRIP = NO;
				DEBUG_INFORMATION_FORMAT = "dwarf-with-dsym";
				ENABLE_NS_ASSERTIONS = NO;
				ENABLE_STRICT_OBJC_MSGSEND = YES;
				GCC_C_LANGUAGE_STANDARD = gnu11;
				GCC_NO_COMMON_BLOCKS = YES;
				GCC_WARN_64_TO_32_BIT_CONVERSION = YES;
				GCC_WARN_ABOUT_RETURN_TYPE = YES_ERROR;
				GCC_WARN_UNDECLARED_SELECTOR = YES;
				GCC_WARN_UNINITIALIZED_AUTOS = YES_AGGRESSIVE;
				GCC_WARN_UNUSED_FUNCTION = YES;
				GCC_WARN_UNUSED_VARIABLE = YES;
				IPHONEOS_DEPLOYMENT_TARGET = 14.4;
				MTL_ENABLE_DEBUG_INFO = NO;
				MTL_FAST_MATH = YES;
				SDKROOT = iphoneos;
				SWIFT_COMPILATION_MODE = wholemodule;
				SWIFT_OPTIMIZATION_LEVEL = "-O";
				VALIDATE_PRODUCT = YES;
			};
			name = Release;
		};
		1073D86025DA45260093EE7B /* Debug */ = {
			isa = XCBuildConfiguration;
			buildSettings = {
				ASSETCATALOG_COMPILER_APPICON_NAME = AppIcon;
				ASSETCATALOG_COMPILER_GLOBAL_ACCENT_COLOR_NAME = AccentColor;
				CODE_SIGN_STYLE = Automatic;
				INFOPLIST_FILE = PokerGameApp/Info.plist;
				LD_RUNPATH_SEARCH_PATHS = (
					"$(inherited)",
					"@executable_path/Frameworks",
				);
				PRODUCT_BUNDLE_IDENTIFIER = com.codesquad.PokerGameApp;
				PRODUCT_NAME = "$(TARGET_NAME)";
				SWIFT_VERSION = 5.0;
				TARGETED_DEVICE_FAMILY = "1,2";
			};
			name = Debug;
		};
		1073D86125DA45260093EE7B /* Release */ = {
			isa = XCBuildConfiguration;
			buildSettings = {
				ASSETCATALOG_COMPILER_APPICON_NAME = AppIcon;
				ASSETCATALOG_COMPILER_GLOBAL_ACCENT_COLOR_NAME = AccentColor;
				CODE_SIGN_STYLE = Automatic;
				INFOPLIST_FILE = PokerGameApp/Info.plist;
				LD_RUNPATH_SEARCH_PATHS = (
					"$(inherited)",
					"@executable_path/Frameworks",
				);
				PRODUCT_BUNDLE_IDENTIFIER = com.codesquad.PokerGameApp;
				PRODUCT_NAME = "$(TARGET_NAME)";
				SWIFT_VERSION = 5.0;
				TARGETED_DEVICE_FAMILY = "1,2";
			};
			name = Release;
		};
		10C88B8125DB7AB5003127FD /* Debug */ = {
			isa = XCBuildConfiguration;
			buildSettings = {
				BUNDLE_LOADER = "$(TEST_HOST)";
				CODE_SIGN_STYLE = Automatic;
				INFOPLIST_FILE = PokerGameAppTests/Info.plist;
				LD_RUNPATH_SEARCH_PATHS = (
					"$(inherited)",
					"@executable_path/Frameworks",
					"@loader_path/Frameworks",
				);
				PRODUCT_BUNDLE_IDENTIFIER = com.codesquad.PokerGameAppTests;
				PRODUCT_NAME = "$(TARGET_NAME)";
				SWIFT_VERSION = 5.0;
				TARGETED_DEVICE_FAMILY = "1,2";
				TEST_HOST = "$(BUILT_PRODUCTS_DIR)/PokerGameApp.app/PokerGameApp";
			};
			name = Debug;
		};
		10C88B8225DB7AB5003127FD /* Release */ = {
			isa = XCBuildConfiguration;
			buildSettings = {
				BUNDLE_LOADER = "$(TEST_HOST)";
				CODE_SIGN_STYLE = Automatic;
				INFOPLIST_FILE = PokerGameAppTests/Info.plist;
				LD_RUNPATH_SEARCH_PATHS = (
					"$(inherited)",
					"@executable_path/Frameworks",
					"@loader_path/Frameworks",
				);
				PRODUCT_BUNDLE_IDENTIFIER = com.codesquad.PokerGameAppTests;
				PRODUCT_NAME = "$(TARGET_NAME)";
				SWIFT_VERSION = 5.0;
				TARGETED_DEVICE_FAMILY = "1,2";
				TEST_HOST = "$(BUILT_PRODUCTS_DIR)/PokerGameApp.app/PokerGameApp";
			};
			name = Release;
		};
/* End XCBuildConfiguration section */

/* Begin XCConfigurationList section */
		1073D84625DA45260093EE7B /* Build configuration list for PBXProject "PokerGameApp" */ = {
			isa = XCConfigurationList;
			buildConfigurations = (
				1073D85D25DA45260093EE7B /* Debug */,
				1073D85E25DA45260093EE7B /* Release */,
			);
			defaultConfigurationIsVisible = 0;
			defaultConfigurationName = Release;
		};
		1073D85F25DA45260093EE7B /* Build configuration list for PBXNativeTarget "PokerGameApp" */ = {
			isa = XCConfigurationList;
			buildConfigurations = (
				1073D86025DA45260093EE7B /* Debug */,
				1073D86125DA45260093EE7B /* Release */,
			);
			defaultConfigurationIsVisible = 0;
			defaultConfigurationName = Release;
		};
		10C88B8325DB7AB5003127FD /* Build configuration list for PBXNativeTarget "PokerGameAppTests" */ = {
			isa = XCConfigurationList;
			buildConfigurations = (
				10C88B8125DB7AB5003127FD /* Debug */,
				10C88B8225DB7AB5003127FD /* Release */,
			);
			defaultConfigurationIsVisible = 0;
			defaultConfigurationName = Release;
		};
/* End XCConfigurationList section */
	};
	rootObject = 1073D84325DA45260093EE7B /* Project object */;
}
