// !$*UTF8*$!
{
	archiveVersion = 1;
	classes = {
	};
	objectVersion = 50;
	objects = {

/* Begin PBXBuildFile section */
		C52FBE4623116DD800E9D4F9 /* DrawCardError.swift in Sources */ = {isa = PBXBuildFile; fileRef = C52FBE4523116DD800E9D4F9 /* DrawCardError.swift */; };
		C548618F230415A400F6555C /* AppDelegate.swift in Sources */ = {isa = PBXBuildFile; fileRef = C548618E230415A400F6555C /* AppDelegate.swift */; };
		C5486191230415A400F6555C /* CardGameViewController.swift in Sources */ = {isa = PBXBuildFile; fileRef = C5486190230415A400F6555C /* CardGameViewController.swift */; };
		C5486194230415A400F6555C /* Main.storyboard in Resources */ = {isa = PBXBuildFile; fileRef = C5486192230415A400F6555C /* Main.storyboard */; };
		C5486196230415A600F6555C /* Assets.xcassets in Resources */ = {isa = PBXBuildFile; fileRef = C5486195230415A600F6555C /* Assets.xcassets */; };
		C5486199230415A600F6555C /* LaunchScreen.storyboard in Resources */ = {isa = PBXBuildFile; fileRef = C5486197230415A600F6555C /* LaunchScreen.storyboard */; };
		C59ABA72230EA54000FB2DBE /* Card.swift in Sources */ = {isa = PBXBuildFile; fileRef = C59ABA58230EA54000FB2DBE /* Card.swift */; };
		C59ABA73230EA54000FB2DBE /* CardDeck.swift in Sources */ = {isa = PBXBuildFile; fileRef = C59ABA59230EA54000FB2DBE /* CardDeck.swift */; };
		C59ABA74230EA54000FB2DBE /* Dealer.swift in Sources */ = {isa = PBXBuildFile; fileRef = C59ABA5C230EA54000FB2DBE /* Dealer.swift */; };
		C59ABA75230EA54000FB2DBE /* Hand.swift in Sources */ = {isa = PBXBuildFile; fileRef = C59ABA5D230EA54000FB2DBE /* Hand.swift */; };
		C59ABA76230EA54000FB2DBE /* Player.swift in Sources */ = {isa = PBXBuildFile; fileRef = C59ABA5E230EA54000FB2DBE /* Player.swift */; };
		C59ABA77230EA54000FB2DBE /* Playable.swift in Sources */ = {isa = PBXBuildFile; fileRef = C59ABA60230EA54000FB2DBE /* Playable.swift */; };
		C59ABA78230EA54000FB2DBE /* Dealable.swift in Sources */ = {isa = PBXBuildFile; fileRef = C59ABA61230EA54000FB2DBE /* Dealable.swift */; };
		C59ABA79230EA54000FB2DBE /* GameType.swift in Sources */ = {isa = PBXBuildFile; fileRef = C59ABA64230EA54000FB2DBE /* GameType.swift */; };
		C59ABA7A230EA54000FB2DBE /* SystemMessage.swift in Sources */ = {isa = PBXBuildFile; fileRef = C59ABA65230EA54000FB2DBE /* SystemMessage.swift */; };
		C59ABA7B230EA54000FB2DBE /* PlayerType.swift in Sources */ = {isa = PBXBuildFile; fileRef = C59ABA66230EA54000FB2DBE /* PlayerType.swift */; };
		C59ABA7C230EA54000FB2DBE /* CardScore.swift in Sources */ = {isa = PBXBuildFile; fileRef = C59ABA68230EA54000FB2DBE /* CardScore.swift */; };
		C59ABA7D230EA54000FB2DBE /* CardType.swift in Sources */ = {isa = PBXBuildFile; fileRef = C59ABA69230EA54000FB2DBE /* CardType.swift */; };
		C59ABA7E230EA54000FB2DBE /* CardNumber.swift in Sources */ = {isa = PBXBuildFile; fileRef = C59ABA6A230EA54000FB2DBE /* CardNumber.swift */; };
		C59ABA80230EA54000FB2DBE /* GameMenuError.swift in Sources */ = {isa = PBXBuildFile; fileRef = C59ABA6D230EA54000FB2DBE /* GameMenuError.swift */; };
		C59ABA81230EA54000FB2DBE /* GameResult.swift in Sources */ = {isa = PBXBuildFile; fileRef = C59ABA6F230EA54000FB2DBE /* GameResult.swift */; };
		C59ABA83230EA54000FB2DBE /* CardGamePlay.swift in Sources */ = {isa = PBXBuildFile; fileRef = C59ABA71230EA54000FB2DBE /* CardGamePlay.swift */; };
		C59ABA85230EA9D300FB2DBE /* DataController.swift in Sources */ = {isa = PBXBuildFile; fileRef = C59ABA84230EA9D300FB2DBE /* DataController.swift */; };
		C5C279DB230A720B009C7FE6 /* ImageInfo.swift in Sources */ = {isa = PBXBuildFile; fileRef = C5C279DA230A720B009C7FE6 /* ImageInfo.swift */; };
/* End PBXBuildFile section */

/* Begin PBXFileReference section */
		C52FBE4523116DD800E9D4F9 /* DrawCardError.swift */ = {isa = PBXFileReference; lastKnownFileType = sourcecode.swift; path = DrawCardError.swift; sourceTree = "<group>"; };
		C548618B230415A400F6555C /* PokergameApp.app */ = {isa = PBXFileReference; explicitFileType = wrapper.application; includeInIndex = 0; path = PokergameApp.app; sourceTree = BUILT_PRODUCTS_DIR; };
		C548618E230415A400F6555C /* AppDelegate.swift */ = {isa = PBXFileReference; lastKnownFileType = sourcecode.swift; path = AppDelegate.swift; sourceTree = "<group>"; };
		C5486190230415A400F6555C /* CardGameViewController.swift */ = {isa = PBXFileReference; lastKnownFileType = sourcecode.swift; path = CardGameViewController.swift; sourceTree = "<group>"; };
		C5486193230415A400F6555C /* Base */ = {isa = PBXFileReference; lastKnownFileType = file.storyboard; name = Base; path = Base.lproj/Main.storyboard; sourceTree = "<group>"; };
		C5486195230415A600F6555C /* Assets.xcassets */ = {isa = PBXFileReference; lastKnownFileType = folder.assetcatalog; path = Assets.xcassets; sourceTree = "<group>"; };
		C5486198230415A600F6555C /* Base */ = {isa = PBXFileReference; lastKnownFileType = file.storyboard; name = Base; path = Base.lproj/LaunchScreen.storyboard; sourceTree = "<group>"; };
		C548619A230415A600F6555C /* Info.plist */ = {isa = PBXFileReference; lastKnownFileType = text.plist.xml; path = Info.plist; sourceTree = "<group>"; };
		C59ABA58230EA54000FB2DBE /* Card.swift */ = {isa = PBXFileReference; fileEncoding = 4; lastKnownFileType = sourcecode.swift; path = Card.swift; sourceTree = "<group>"; };
		C59ABA59230EA54000FB2DBE /* CardDeck.swift */ = {isa = PBXFileReference; fileEncoding = 4; lastKnownFileType = sourcecode.swift; path = CardDeck.swift; sourceTree = "<group>"; };
		C59ABA5C230EA54000FB2DBE /* Dealer.swift */ = {isa = PBXFileReference; fileEncoding = 4; lastKnownFileType = sourcecode.swift; path = Dealer.swift; sourceTree = "<group>"; };
		C59ABA5D230EA54000FB2DBE /* Hand.swift */ = {isa = PBXFileReference; fileEncoding = 4; lastKnownFileType = sourcecode.swift; path = Hand.swift; sourceTree = "<group>"; };
		C59ABA5E230EA54000FB2DBE /* Player.swift */ = {isa = PBXFileReference; fileEncoding = 4; lastKnownFileType = sourcecode.swift; path = Player.swift; sourceTree = "<group>"; };
		C59ABA60230EA54000FB2DBE /* Playable.swift */ = {isa = PBXFileReference; fileEncoding = 4; lastKnownFileType = sourcecode.swift; path = Playable.swift; sourceTree = "<group>"; };
		C59ABA61230EA54000FB2DBE /* Dealable.swift */ = {isa = PBXFileReference; fileEncoding = 4; lastKnownFileType = sourcecode.swift; path = Dealable.swift; sourceTree = "<group>"; };
		C59ABA64230EA54000FB2DBE /* GameType.swift */ = {isa = PBXFileReference; fileEncoding = 4; lastKnownFileType = sourcecode.swift; path = GameType.swift; sourceTree = "<group>"; };
		C59ABA65230EA54000FB2DBE /* SystemMessage.swift */ = {isa = PBXFileReference; fileEncoding = 4; lastKnownFileType = sourcecode.swift; path = SystemMessage.swift; sourceTree = "<group>"; };
		C59ABA66230EA54000FB2DBE /* PlayerType.swift */ = {isa = PBXFileReference; fileEncoding = 4; lastKnownFileType = sourcecode.swift; path = PlayerType.swift; sourceTree = "<group>"; };
		C59ABA68230EA54000FB2DBE /* CardScore.swift */ = {isa = PBXFileReference; fileEncoding = 4; lastKnownFileType = sourcecode.swift; path = CardScore.swift; sourceTree = "<group>"; };
		C59ABA69230EA54000FB2DBE /* CardType.swift */ = {isa = PBXFileReference; fileEncoding = 4; lastKnownFileType = sourcecode.swift; path = CardType.swift; sourceTree = "<group>"; };
		C59ABA6A230EA54000FB2DBE /* CardNumber.swift */ = {isa = PBXFileReference; fileEncoding = 4; lastKnownFileType = sourcecode.swift; path = CardNumber.swift; sourceTree = "<group>"; };
		C59ABA6D230EA54000FB2DBE /* GameMenuError.swift */ = {isa = PBXFileReference; fileEncoding = 4; lastKnownFileType = sourcecode.swift; path = GameMenuError.swift; sourceTree = "<group>"; };
		C59ABA6F230EA54000FB2DBE /* GameResult.swift */ = {isa = PBXFileReference; fileEncoding = 4; lastKnownFileType = sourcecode.swift; path = GameResult.swift; sourceTree = "<group>"; };
		C59ABA71230EA54000FB2DBE /* CardGamePlay.swift */ = {isa = PBXFileReference; fileEncoding = 4; lastKnownFileType = sourcecode.swift; path = CardGamePlay.swift; sourceTree = "<group>"; };
		C59ABA84230EA9D300FB2DBE /* DataController.swift */ = {isa = PBXFileReference; lastKnownFileType = sourcecode.swift; path = DataController.swift; sourceTree = "<group>"; };
		C5C279DA230A720B009C7FE6 /* ImageInfo.swift */ = {isa = PBXFileReference; lastKnownFileType = sourcecode.swift; path = ImageInfo.swift; sourceTree = "<group>"; };
/* End PBXFileReference section */

/* Begin PBXFrameworksBuildPhase section */
		C5486188230415A400F6555C /* Frameworks */ = {
			isa = PBXFrameworksBuildPhase;
			buildActionMask = 2147483647;
			files = (
			);
			runOnlyForDeploymentPostprocessing = 0;
		};
/* End PBXFrameworksBuildPhase section */

/* Begin PBXGroup section */
		C5486182230415A400F6555C = {
			isa = PBXGroup;
			children = (
				C548618D230415A400F6555C /* PokergameApp */,
				C548618C230415A400F6555C /* Products */,
			);
			sourceTree = "<group>";
		};
		C548618C230415A400F6555C /* Products */ = {
			isa = PBXGroup;
			children = (
				C548618B230415A400F6555C /* PokergameApp.app */,
			);
			name = Products;
			sourceTree = "<group>";
		};
		C548618D230415A400F6555C /* PokergameApp */ = {
			isa = PBXGroup;
			children = (
				C59ABA56230EA53F00FB2DBE /* Models */,
				C548618E230415A400F6555C /* AppDelegate.swift */,
				C5486190230415A400F6555C /* CardGameViewController.swift */,
				C59ABA84230EA9D300FB2DBE /* DataController.swift */,
				C5C279DA230A720B009C7FE6 /* ImageInfo.swift */,
				C5486192230415A400F6555C /* Main.storyboard */,
				C5486195230415A600F6555C /* Assets.xcassets */,
				C5486197230415A600F6555C /* LaunchScreen.storyboard */,
				C548619A230415A600F6555C /* Info.plist */,
			);
			path = PokergameApp;
			sourceTree = "<group>";
		};
		C59ABA56230EA53F00FB2DBE /* Models */ = {
			isa = PBXGroup;
			children = (
				C59ABA62230EA54000FB2DBE /* PokerGameEnums */,
				C59ABA6E230EA54000FB2DBE /* PokergamePlay */,
				C59ABA57230EA53F00FB2DBE /* CardModels */,
				C59ABA5A230EA54000FB2DBE /* PlayerModels */,
			);
			path = Models;
			sourceTree = "<group>";
		};
		C59ABA57230EA53F00FB2DBE /* CardModels */ = {
			isa = PBXGroup;
			children = (
				C59ABA58230EA54000FB2DBE /* Card.swift */,
				C59ABA59230EA54000FB2DBE /* CardDeck.swift */,
			);
			path = CardModels;
			sourceTree = "<group>";
		};
		C59ABA5A230EA54000FB2DBE /* PlayerModels */ = {
			isa = PBXGroup;
			children = (
				C59ABA5B230EA54000FB2DBE /* Models */,
				C59ABA5F230EA54000FB2DBE /* Protocols */,
			);
			path = PlayerModels;
			sourceTree = "<group>";
		};
		C59ABA5B230EA54000FB2DBE /* Models */ = {
			isa = PBXGroup;
			children = (
				C59ABA5C230EA54000FB2DBE /* Dealer.swift */,
				C59ABA5D230EA54000FB2DBE /* Hand.swift */,
				C59ABA5E230EA54000FB2DBE /* Player.swift */,
			);
			path = Models;
			sourceTree = "<group>";
		};
		C59ABA5F230EA54000FB2DBE /* Protocols */ = {
			isa = PBXGroup;
			children = (
				C59ABA60230EA54000FB2DBE /* Playable.swift */,
				C59ABA61230EA54000FB2DBE /* Dealable.swift */,
			);
			path = Protocols;
			sourceTree = "<group>";
		};
		C59ABA62230EA54000FB2DBE /* PokerGameEnums */ = {
			isa = PBXGroup;
			children = (
				C59ABA63230EA54000FB2DBE /* GameMenus */,
				C59ABA67230EA54000FB2DBE /* Cards */,
				C59ABA6B230EA54000FB2DBE /* Errors */,
			);
			name = PokerGameEnums;
			path = ../PokerGameEnums;
			sourceTree = "<group>";
		};
		C59ABA63230EA54000FB2DBE /* GameMenus */ = {
			isa = PBXGroup;
			children = (
				C59ABA64230EA54000FB2DBE /* GameType.swift */,
				C59ABA65230EA54000FB2DBE /* SystemMessage.swift */,
				C59ABA66230EA54000FB2DBE /* PlayerType.swift */,
			);
			path = GameMenus;
			sourceTree = "<group>";
		};
		C59ABA67230EA54000FB2DBE /* Cards */ = {
			isa = PBXGroup;
			children = (
				C59ABA68230EA54000FB2DBE /* CardScore.swift */,
				C59ABA69230EA54000FB2DBE /* CardType.swift */,
				C59ABA6A230EA54000FB2DBE /* CardNumber.swift */,
			);
			path = Cards;
			sourceTree = "<group>";
		};
		C59ABA6B230EA54000FB2DBE /* Errors */ = {
			isa = PBXGroup;
			children = (
				C59ABA6D230EA54000FB2DBE /* GameMenuError.swift */,
				C52FBE4523116DD800E9D4F9 /* DrawCardError.swift */,
			);
			path = Errors;
			sourceTree = "<group>";
		};
		C59ABA6E230EA54000FB2DBE /* PokergamePlay */ = {
			isa = PBXGroup;
			children = (
				C59ABA6F230EA54000FB2DBE /* GameResult.swift */,
				C59ABA71230EA54000FB2DBE /* CardGamePlay.swift */,
			);
			name = PokergamePlay;
			path = ../PokergamePlay;
			sourceTree = "<group>";
		};
/* End PBXGroup section */

/* Begin PBXNativeTarget section */
		C548618A230415A400F6555C /* PokergameApp */ = {
			isa = PBXNativeTarget;
			buildConfigurationList = C548619D230415A600F6555C /* Build configuration list for PBXNativeTarget "PokergameApp" */;
			buildPhases = (
				C5486187230415A400F6555C /* Sources */,
				C5486188230415A400F6555C /* Frameworks */,
				C5486189230415A400F6555C /* Resources */,
			);
			buildRules = (
			);
			dependencies = (
			);
			name = PokergameApp;
			productName = PokergameApp;
			productReference = C548618B230415A400F6555C /* PokergameApp.app */;
			productType = "com.apple.product-type.application";
		};
/* End PBXNativeTarget section */

/* Begin PBXProject section */
		C5486183230415A400F6555C /* Project object */ = {
			isa = PBXProject;
			attributes = {
				LastSwiftUpdateCheck = 1030;
				LastUpgradeCheck = 1030;
				ORGANIZATIONNAME = hwj;
				TargetAttributes = {
					C548618A230415A400F6555C = {
						CreatedOnToolsVersion = 10.3;
					};
				};
			};
			buildConfigurationList = C5486186230415A400F6555C /* Build configuration list for PBXProject "PokergameApp" */;
			compatibilityVersion = "Xcode 9.3";
			developmentRegion = en;
			hasScannedForEncodings = 0;
			knownRegions = (
				en,
				Base,
			);
			mainGroup = C5486182230415A400F6555C;
			productRefGroup = C548618C230415A400F6555C /* Products */;
			projectDirPath = "";
			projectRoot = "";
			targets = (
				C548618A230415A400F6555C /* PokergameApp */,
			);
		};
/* End PBXProject section */

/* Begin PBXResourcesBuildPhase section */
		C5486189230415A400F6555C /* Resources */ = {
			isa = PBXResourcesBuildPhase;
			buildActionMask = 2147483647;
			files = (
				C5486199230415A600F6555C /* LaunchScreen.storyboard in Resources */,
				C5486196230415A600F6555C /* Assets.xcassets in Resources */,
				C5486194230415A400F6555C /* Main.storyboard in Resources */,
			);
			runOnlyForDeploymentPostprocessing = 0;
		};
/* End PBXResourcesBuildPhase section */

/* Begin PBXSourcesBuildPhase section */
		C5486187230415A400F6555C /* Sources */ = {
			isa = PBXSourcesBuildPhase;
			buildActionMask = 2147483647;
			files = (
				C59ABA7A230EA54000FB2DBE /* SystemMessage.swift in Sources */,
				C5486191230415A400F6555C /* CardGameViewController.swift in Sources */,
				C59ABA78230EA54000FB2DBE /* Dealable.swift in Sources */,
				C59ABA73230EA54000FB2DBE /* CardDeck.swift in Sources */,
				C59ABA74230EA54000FB2DBE /* Dealer.swift in Sources */,
				C59ABA85230EA9D300FB2DBE /* DataController.swift in Sources */,
				C5C279DB230A720B009C7FE6 /* ImageInfo.swift in Sources */,
				C59ABA76230EA54000FB2DBE /* Player.swift in Sources */,
				C59ABA80230EA54000FB2DBE /* GameMenuError.swift in Sources */,
				C59ABA79230EA54000FB2DBE /* GameType.swift in Sources */,
				C59ABA7D230EA54000FB2DBE /* CardType.swift in Sources */,
				C59ABA7C230EA54000FB2DBE /* CardScore.swift in Sources */,
				C52FBE4623116DD800E9D4F9 /* DrawCardError.swift in Sources */,
				C59ABA77230EA54000FB2DBE /* Playable.swift in Sources */,
				C59ABA83230EA54000FB2DBE /* CardGamePlay.swift in Sources */,
				C59ABA7B230EA54000FB2DBE /* PlayerType.swift in Sources */,
				C59ABA75230EA54000FB2DBE /* Hand.swift in Sources */,
				C548618F230415A400F6555C /* AppDelegate.swift in Sources */,
				C59ABA7E230EA54000FB2DBE /* CardNumber.swift in Sources */,
				C59ABA81230EA54000FB2DBE /* GameResult.swift in Sources */,
				C59ABA72230EA54000FB2DBE /* Card.swift in Sources */,
			);
			runOnlyForDeploymentPostprocessing = 0;
		};
/* End PBXSourcesBuildPhase section */

/* Begin PBXVariantGroup section */
		C5486192230415A400F6555C /* Main.storyboard */ = {
			isa = PBXVariantGroup;
			children = (
				C5486193230415A400F6555C /* Base */,
			);
			name = Main.storyboard;
			sourceTree = "<group>";
		};
		C5486197230415A600F6555C /* LaunchScreen.storyboard */ = {
			isa = PBXVariantGroup;
			children = (
				C5486198230415A600F6555C /* Base */,
			);
			name = LaunchScreen.storyboard;
			sourceTree = "<group>";
		};
/* End PBXVariantGroup section */

/* Begin XCBuildConfiguration section */
		C548619B230415A600F6555C /* Debug */ = {
			isa = XCBuildConfiguration;
			buildSettings = {
				ALWAYS_SEARCH_USER_PATHS = NO;
				CLANG_ANALYZER_NONNULL = YES;
				CLANG_ANALYZER_NUMBER_OBJECT_CONVERSION = YES_AGGRESSIVE;
				CLANG_CXX_LANGUAGE_STANDARD = "gnu++14";
				CLANG_CXX_LIBRARY = "libc++";
				CLANG_ENABLE_MODULES = YES;
				CLANG_ENABLE_OBJC_ARC = YES;
				CLANG_ENABLE_OBJC_WEAK = YES;
				CLANG_WARN_BLOCK_CAPTURE_AUTORELEASING = YES;
				CLANG_WARN_BOOL_CONVERSION = YES;
				CLANG_WARN_COMMA = YES;
				CLANG_WARN_CONSTANT_CONVERSION = YES;
				CLANG_WARN_DEPRECATED_OBJC_IMPLEMENTATIONS = YES;
				CLANG_WARN_DIRECT_OBJC_ISA_USAGE = YES_ERROR;
				CLANG_WARN_DOCUMENTATION_COMMENTS = YES;
				CLANG_WARN_EMPTY_BODY = YES;
				CLANG_WARN_ENUM_CONVERSION = YES;
				CLANG_WARN_INFINITE_RECURSION = YES;
				CLANG_WARN_INT_CONVERSION = YES;
				CLANG_WARN_NON_LITERAL_NULL_CONVERSION = YES;
				CLANG_WARN_OBJC_IMPLICIT_RETAIN_SELF = YES;
				CLANG_WARN_OBJC_LITERAL_CONVERSION = YES;
				CLANG_WARN_OBJC_ROOT_CLASS = YES_ERROR;
				CLANG_WARN_RANGE_LOOP_ANALYSIS = YES;
				CLANG_WARN_STRICT_PROTOTYPES = YES;
				CLANG_WARN_SUSPICIOUS_MOVE = YES;
				CLANG_WARN_UNGUARDED_AVAILABILITY = YES_AGGRESSIVE;
				CLANG_WARN_UNREACHABLE_CODE = YES;
				CLANG_WARN__DUPLICATE_METHOD_MATCH = YES;
				CODE_SIGN_IDENTITY = "iPhone Developer";
				COPY_PHASE_STRIP = NO;
				DEBUG_INFORMATION_FORMAT = dwarf;
				ENABLE_STRICT_OBJC_MSGSEND = YES;
				ENABLE_TESTABILITY = YES;
				GCC_C_LANGUAGE_STANDARD = gnu11;
				GCC_DYNAMIC_NO_PIC = NO;
				GCC_NO_COMMON_BLOCKS = YES;
				GCC_OPTIMIZATION_LEVEL = 0;
				GCC_PREPROCESSOR_DEFINITIONS = (
					"DEBUG=1",
					"$(inherited)",
				);
				GCC_WARN_64_TO_32_BIT_CONVERSION = YES;
				GCC_WARN_ABOUT_RETURN_TYPE = YES_ERROR;
				GCC_WARN_UNDECLARED_SELECTOR = YES;
				GCC_WARN_UNINITIALIZED_AUTOS = YES_AGGRESSIVE;
				GCC_WARN_UNUSED_FUNCTION = YES;
				GCC_WARN_UNUSED_VARIABLE = YES;
				IPHONEOS_DEPLOYMENT_TARGET = 12.4;
				MTL_ENABLE_DEBUG_INFO = INCLUDE_SOURCE;
				MTL_FAST_MATH = YES;
				ONLY_ACTIVE_ARCH = YES;
				SDKROOT = iphoneos;
				SWIFT_ACTIVE_COMPILATION_CONDITIONS = DEBUG;
				SWIFT_OPTIMIZATION_LEVEL = "-Onone";
			};
			name = Debug;
		};
		C548619C230415A600F6555C /* Release */ = {
			isa = XCBuildConfiguration;
			buildSettings = {
				ALWAYS_SEARCH_USER_PATHS = NO;
				CLANG_ANALYZER_NONNULL = YES;
				CLANG_ANALYZER_NUMBER_OBJECT_CONVERSION = YES_AGGRESSIVE;
				CLANG_CXX_LANGUAGE_STANDARD = "gnu++14";
				CLANG_CXX_LIBRARY = "libc++";
				CLANG_ENABLE_MODULES = YES;
				CLANG_ENABLE_OBJC_ARC = YES;
				CLANG_ENABLE_OBJC_WEAK = YES;
				CLANG_WARN_BLOCK_CAPTURE_AUTORELEASING = YES;
				CLANG_WARN_BOOL_CONVERSION = YES;
				CLANG_WARN_COMMA = YES;
				CLANG_WARN_CONSTANT_CONVERSION = YES;
				CLANG_WARN_DEPRECATED_OBJC_IMPLEMENTATIONS = YES;
				CLANG_WARN_DIRECT_OBJC_ISA_USAGE = YES_ERROR;
				CLANG_WARN_DOCUMENTATION_COMMENTS = YES;
				CLANG_WARN_EMPTY_BODY = YES;
				CLANG_WARN_ENUM_CONVERSION = YES;
				CLANG_WARN_INFINITE_RECURSION = YES;
				CLANG_WARN_INT_CONVERSION = YES;
				CLANG_WARN_NON_LITERAL_NULL_CONVERSION = YES;
				CLANG_WARN_OBJC_IMPLICIT_RETAIN_SELF = YES;
				CLANG_WARN_OBJC_LITERAL_CONVERSION = YES;
				CLANG_WARN_OBJC_ROOT_CLASS = YES_ERROR;
				CLANG_WARN_RANGE_LOOP_ANALYSIS = YES;
				CLANG_WARN_STRICT_PROTOTYPES = YES;
				CLANG_WARN_SUSPICIOUS_MOVE = YES;
				CLANG_WARN_UNGUARDED_AVAILABILITY = YES_AGGRESSIVE;
				CLANG_WARN_UNREACHABLE_CODE = YES;
				CLANG_WARN__DUPLICATE_METHOD_MATCH = YES;
				CODE_SIGN_IDENTITY = "iPhone Developer";
				COPY_PHASE_STRIP = NO;
				DEBUG_INFORMATION_FORMAT = "dwarf-with-dsym";
				ENABLE_NS_ASSERTIONS = NO;
				ENABLE_STRICT_OBJC_MSGSEND = YES;
				GCC_C_LANGUAGE_STANDARD = gnu11;
				GCC_NO_COMMON_BLOCKS = YES;
				GCC_WARN_64_TO_32_BIT_CONVERSION = YES;
				GCC_WARN_ABOUT_RETURN_TYPE = YES_ERROR;
				GCC_WARN_UNDECLARED_SELECTOR = YES;
				GCC_WARN_UNINITIALIZED_AUTOS = YES_AGGRESSIVE;
				GCC_WARN_UNUSED_FUNCTION = YES;
				GCC_WARN_UNUSED_VARIABLE = YES;
				IPHONEOS_DEPLOYMENT_TARGET = 12.4;
				MTL_ENABLE_DEBUG_INFO = NO;
				MTL_FAST_MATH = YES;
				SDKROOT = iphoneos;
				SWIFT_COMPILATION_MODE = wholemodule;
				SWIFT_OPTIMIZATION_LEVEL = "-O";
				VALIDATE_PRODUCT = YES;
			};
			name = Release;
		};
		C548619E230415A600F6555C /* Debug */ = {
			isa = XCBuildConfiguration;
			buildSettings = {
				ASSETCATALOG_COMPILER_APPICON_NAME = AppIcon;
				ASSETCATALOG_COMPILER_LAUNCHIMAGE_NAME = LaunchImage;
				CODE_SIGN_STYLE = Automatic;
				DEVELOPMENT_TEAM = 5288FA2S2C;
				INFOPLIST_FILE = PokergameApp/Info.plist;
				IPHONEOS_DEPLOYMENT_TARGET = 12.1;
				LD_RUNPATH_SEARCH_PATHS = (
					"$(inherited)",
					"@executable_path/Frameworks",
				);
				PRODUCT_BUNDLE_IDENTIFIER = kr.codesquard.PokergameApp;
				PRODUCT_NAME = "$(TARGET_NAME)";
				SWIFT_VERSION = 5.0;
				TARGETED_DEVICE_FAMILY = "1,2";
			};
			name = Debug;
		};
		C548619F230415A600F6555C /* Release */ = {
			isa = XCBuildConfiguration;
			buildSettings = {
				ASSETCATALOG_COMPILER_APPICON_NAME = AppIcon;
				ASSETCATALOG_COMPILER_LAUNCHIMAGE_NAME = LaunchImage;
				CODE_SIGN_STYLE = Automatic;
				DEVELOPMENT_TEAM = 5288FA2S2C;
				INFOPLIST_FILE = PokergameApp/Info.plist;
				IPHONEOS_DEPLOYMENT_TARGET = 12.1;
				LD_RUNPATH_SEARCH_PATHS = (
					"$(inherited)",
					"@executable_path/Frameworks",
				);
				PRODUCT_BUNDLE_IDENTIFIER = kr.codesquard.PokergameApp;
				PRODUCT_NAME = "$(TARGET_NAME)";
				SWIFT_VERSION = 5.0;
				TARGETED_DEVICE_FAMILY = "1,2";
			};
			name = Release;
		};
/* End XCBuildConfiguration section */

/* Begin XCConfigurationList section */
		C5486186230415A400F6555C /* Build configuration list for PBXProject "PokergameApp" */ = {
			isa = XCConfigurationList;
			buildConfigurations = (
				C548619B230415A600F6555C /* Debug */,
				C548619C230415A600F6555C /* Release */,
			);
			defaultConfigurationIsVisible = 0;
			defaultConfigurationName = Release;
		};
		C548619D230415A600F6555C /* Build configuration list for PBXNativeTarget "PokergameApp" */ = {
			isa = XCConfigurationList;
			buildConfigurations = (
				C548619E230415A600F6555C /* Debug */,
				C548619F230415A600F6555C /* Release */,
			);
			defaultConfigurationIsVisible = 0;
			defaultConfigurationName = Release;
		};
/* End XCConfigurationList section */
	};
	rootObject = C5486183230415A400F6555C /* Project object */;
}
