// !$*UTF8*$!
{
	archiveVersion = 1;
	classes = {
	};
	objectVersion = 50;
	objects = {

/* Begin PBXBuildFile section */
		B096F02325DB9CE500E98053 /* AppDelegate.swift in Sources */ = {isa = PBXBuildFile; fileRef = B096F02225DB9CE500E98053 /* AppDelegate.swift */; };
		B096F02525DB9CE500E98053 /* SceneDelegate.swift in Sources */ = {isa = PBXBuildFile; fileRef = B096F02425DB9CE500E98053 /* SceneDelegate.swift */; };
		B096F02725DB9CE500E98053 /* ViewController.swift in Sources */ = {isa = PBXBuildFile; fileRef = B096F02625DB9CE500E98053 /* ViewController.swift */; };
		B096F02A25DB9CE500E98053 /* Main.storyboard in Resources */ = {isa = PBXBuildFile; fileRef = B096F02825DB9CE500E98053 /* Main.storyboard */; };
		B096F02C25DB9CE800E98053 /* Assets.xcassets in Resources */ = {isa = PBXBuildFile; fileRef = B096F02B25DB9CE800E98053 /* Assets.xcassets */; };
		B096F02F25DB9CE800E98053 /* LaunchScreen.storyboard in Resources */ = {isa = PBXBuildFile; fileRef = B096F02D25DB9CE800E98053 /* LaunchScreen.storyboard */; };
		B096F03825DBB42000E98053 /* troubleShooter.swift in Sources */ = {isa = PBXBuildFile; fileRef = B096F03725DBB41F00E98053 /* troubleShooter.swift */; };
		B096F04F25DCF67C00E98053 /* PlayingCard.swift in Sources */ = {isa = PBXBuildFile; fileRef = B096F04E25DCF67C00E98053 /* PlayingCard.swift */; };
		B096F05625DEA6CA00E98053 /* Deck.swift in Sources */ = {isa = PBXBuildFile; fileRef = B096F05525DEA6CA00E98053 /* Deck.swift */; };
/* End PBXBuildFile section */

/* Begin PBXFileReference section */
		B096F01F25DB9CE500E98053 /* PokerGameApp.app */ = {isa = PBXFileReference; explicitFileType = wrapper.application; includeInIndex = 0; path = PokerGameApp.app; sourceTree = BUILT_PRODUCTS_DIR; };
		B096F02225DB9CE500E98053 /* AppDelegate.swift */ = {isa = PBXFileReference; lastKnownFileType = sourcecode.swift; path = AppDelegate.swift; sourceTree = "<group>"; };
		B096F02425DB9CE500E98053 /* SceneDelegate.swift */ = {isa = PBXFileReference; lastKnownFileType = sourcecode.swift; path = SceneDelegate.swift; sourceTree = "<group>"; };
		B096F02625DB9CE500E98053 /* ViewController.swift */ = {isa = PBXFileReference; lastKnownFileType = sourcecode.swift; path = ViewController.swift; sourceTree = "<group>"; };
		B096F02925DB9CE500E98053 /* Base */ = {isa = PBXFileReference; lastKnownFileType = file.storyboard; name = Base; path = Base.lproj/Main.storyboard; sourceTree = "<group>"; };
		B096F02B25DB9CE800E98053 /* Assets.xcassets */ = {isa = PBXFileReference; lastKnownFileType = folder.assetcatalog; path = Assets.xcassets; sourceTree = "<group>"; };
		B096F02E25DB9CE800E98053 /* Base */ = {isa = PBXFileReference; lastKnownFileType = file.storyboard; name = Base; path = Base.lproj/LaunchScreen.storyboard; sourceTree = "<group>"; };
		B096F03025DB9CE800E98053 /* Info.plist */ = {isa = PBXFileReference; lastKnownFileType = text.plist.xml; path = Info.plist; sourceTree = "<group>"; };
		B096F03725DBB41F00E98053 /* troubleShooter.swift */ = {isa = PBXFileReference; lastKnownFileType = sourcecode.swift; path = troubleShooter.swift; sourceTree = "<group>"; };
		B096F04E25DCF67C00E98053 /* PlayingCard.swift */ = {isa = PBXFileReference; fileEncoding = 4; lastKnownFileType = sourcecode.swift; path = PlayingCard.swift; sourceTree = "<group>"; };
		B096F05525DEA6CA00E98053 /* Deck.swift */ = {isa = PBXFileReference; lastKnownFileType = sourcecode.swift; path = Deck.swift; sourceTree = "<group>"; };
/* End PBXFileReference section */

/* Begin PBXFrameworksBuildPhase section */
		B096F01C25DB9CE500E98053 /* Frameworks */ = {
			isa = PBXFrameworksBuildPhase;
			buildActionMask = 2147483647;
			files = (
			);
			runOnlyForDeploymentPostprocessing = 0;
		};
/* End PBXFrameworksBuildPhase section */

/* Begin PBXGroup section */
		B096F01625DB9CE500E98053 = {
			isa = PBXGroup;
			children = (
				B096F02125DB9CE500E98053 /* PokerGameApp */,
				B096F02025DB9CE500E98053 /* Products */,
			);
			sourceTree = "<group>";
		};
		B096F02025DB9CE500E98053 /* Products */ = {
			isa = PBXGroup;
			children = (
				B096F01F25DB9CE500E98053 /* PokerGameApp.app */,
			);
			name = Products;
			sourceTree = "<group>";
		};
		B096F02125DB9CE500E98053 /* PokerGameApp */ = {
			isa = PBXGroup;
			children = (
				B096F04E25DCF67C00E98053 /* PlayingCard.swift */,
				B096F02225DB9CE500E98053 /* AppDelegate.swift */,
				B096F02425DB9CE500E98053 /* SceneDelegate.swift */,
				B096F02625DB9CE500E98053 /* ViewController.swift */,
				B096F02825DB9CE500E98053 /* Main.storyboard */,
				B096F03725DBB41F00E98053 /* troubleShooter.swift */,
				B096F02B25DB9CE800E98053 /* Assets.xcassets */,
				B096F02D25DB9CE800E98053 /* LaunchScreen.storyboard */,
				B096F03025DB9CE800E98053 /* Info.plist */,
				B096F05525DEA6CA00E98053 /* Deck.swift */,
			);
			path = PokerGameApp;
			sourceTree = "<group>";
		};
/* End PBXGroup section */

/* Begin PBXNativeTarget section */
		B096F01E25DB9CE500E98053 /* PokerGameApp */ = {
			isa = PBXNativeTarget;
			buildConfigurationList = B096F03325DB9CE800E98053 /* Build configuration list for PBXNativeTarget "PokerGameApp" */;
			buildPhases = (
				B096F01B25DB9CE500E98053 /* Sources */,
				B096F01C25DB9CE500E98053 /* Frameworks */,
				B096F01D25DB9CE500E98053 /* Resources */,
			);
			buildRules = (
			);
			dependencies = (
			);
			name = PokerGameApp;
			productName = PokerGameApp;
			productReference = B096F01F25DB9CE500E98053 /* PokerGameApp.app */;
			productType = "com.apple.product-type.application";
		};
/* End PBXNativeTarget section */

/* Begin PBXProject section */
		B096F01725DB9CE500E98053 /* Project object */ = {
			isa = PBXProject;
			attributes = {
				LastSwiftUpdateCheck = 1240;
				LastUpgradeCheck = 1240;
				TargetAttributes = {
					B096F01E25DB9CE500E98053 = {
						CreatedOnToolsVersion = 12.4;
					};
				};
			};
			buildConfigurationList = B096F01A25DB9CE500E98053 /* Build configuration list for PBXProject "PokerGameApp" */;
			compatibilityVersion = "Xcode 9.3";
			developmentRegion = en;
			hasScannedForEncodings = 0;
			knownRegions = (
				en,
				Base,
			);
			mainGroup = B096F01625DB9CE500E98053;
			productRefGroup = B096F02025DB9CE500E98053 /* Products */;
			projectDirPath = "";
			projectRoot = "";
			targets = (
				B096F01E25DB9CE500E98053 /* PokerGameApp */,
			);
		};
/* End PBXProject section */

/* Begin PBXResourcesBuildPhase section */
		B096F01D25DB9CE500E98053 /* Resources */ = {
			isa = PBXResourcesBuildPhase;
			buildActionMask = 2147483647;
			files = (
				B096F02F25DB9CE800E98053 /* LaunchScreen.storyboard in Resources */,
				B096F02C25DB9CE800E98053 /* Assets.xcassets in Resources */,
				B096F02A25DB9CE500E98053 /* Main.storyboard in Resources */,
			);
			runOnlyForDeploymentPostprocessing = 0;
		};
/* End PBXResourcesBuildPhase section */

/* Begin PBXSourcesBuildPhase section */
		B096F01B25DB9CE500E98053 /* Sources */ = {
			isa = PBXSourcesBuildPhase;
			buildActionMask = 2147483647;
			files = (
				B096F05625DEA6CA00E98053 /* Deck.swift in Sources */,
				B096F04F25DCF67C00E98053 /* PlayingCard.swift in Sources */,
				B096F03825DBB42000E98053 /* troubleShooter.swift in Sources */,
				B096F02725DB9CE500E98053 /* ViewController.swift in Sources */,
				B096F02325DB9CE500E98053 /* AppDelegate.swift in Sources */,
				B096F02525DB9CE500E98053 /* SceneDelegate.swift in Sources */,
			);
			runOnlyForDeploymentPostprocessing = 0;
		};
/* End PBXSourcesBuildPhase section */

/* Begin PBXVariantGroup section */
		B096F02825DB9CE500E98053 /* Main.storyboard */ = {
			isa = PBXVariantGroup;
			children = (
				B096F02925DB9CE500E98053 /* Base */,
			);
			name = Main.storyboard;
			sourceTree = "<group>";
		};
		B096F02D25DB9CE800E98053 /* LaunchScreen.storyboard */ = {
			isa = PBXVariantGroup;
			children = (
				B096F02E25DB9CE800E98053 /* Base */,
			);
			name = LaunchScreen.storyboard;
			sourceTree = "<group>";
		};
/* End PBXVariantGroup section */

/* Begin XCBuildConfiguration section */
		B096F03125DB9CE800E98053 /* Debug */ = {
			isa = XCBuildConfiguration;
			buildSettings = {
				ALWAYS_SEARCH_USER_PATHS = NO;
				CLANG_ANALYZER_NONNULL = YES;
				CLANG_ANALYZER_NUMBER_OBJECT_CONVERSION = YES_AGGRESSIVE;
				CLANG_CXX_LANGUAGE_STANDARD = "gnu++14";
				CLANG_CXX_LIBRARY = "libc++";
				CLANG_ENABLE_MODULES = YES;
				CLANG_ENABLE_OBJC_ARC = YES;
				CLANG_ENABLE_OBJC_WEAK = YES;
				CLANG_WARN_BLOCK_CAPTURE_AUTORELEASING = YES;
				CLANG_WARN_BOOL_CONVERSION = YES;
				CLANG_WARN_COMMA = YES;
				CLANG_WARN_CONSTANT_CONVERSION = YES;
				CLANG_WARN_DEPRECATED_OBJC_IMPLEMENTATIONS = YES;
				CLANG_WARN_DIRECT_OBJC_ISA_USAGE = YES_ERROR;
				CLANG_WARN_DOCUMENTATION_COMMENTS = YES;
				CLANG_WARN_EMPTY_BODY = YES;
				CLANG_WARN_ENUM_CONVERSION = YES;
				CLANG_WARN_INFINITE_RECURSION = YES;
				CLANG_WARN_INT_CONVERSION = YES;
				CLANG_WARN_NON_LITERAL_NULL_CONVERSION = YES;
				CLANG_WARN_OBJC_IMPLICIT_RETAIN_SELF = YES;
				CLANG_WARN_OBJC_LITERAL_CONVERSION = YES;
				CLANG_WARN_OBJC_ROOT_CLASS = YES_ERROR;
				CLANG_WARN_QUOTED_INCLUDE_IN_FRAMEWORK_HEADER = YES;
				CLANG_WARN_RANGE_LOOP_ANALYSIS = YES;
				CLANG_WARN_STRICT_PROTOTYPES = YES;
				CLANG_WARN_SUSPICIOUS_MOVE = YES;
				CLANG_WARN_UNGUARDED_AVAILABILITY = YES_AGGRESSIVE;
				CLANG_WARN_UNREACHABLE_CODE = YES;
				CLANG_WARN__DUPLICATE_METHOD_MATCH = YES;
				COPY_PHASE_STRIP = NO;
				DEBUG_INFORMATION_FORMAT = dwarf;
				ENABLE_STRICT_OBJC_MSGSEND = YES;
				ENABLE_TESTABILITY = YES;
				GCC_C_LANGUAGE_STANDARD = gnu11;
				GCC_DYNAMIC_NO_PIC = NO;
				GCC_NO_COMMON_BLOCKS = YES;
				GCC_OPTIMIZATION_LEVEL = 0;
				GCC_PREPROCESSOR_DEFINITIONS = (
					"DEBUG=1",
					"$(inherited)",
				);
				GCC_WARN_64_TO_32_BIT_CONVERSION = YES;
				GCC_WARN_ABOUT_RETURN_TYPE = YES_ERROR;
				GCC_WARN_UNDECLARED_SELECTOR = YES;
				GCC_WARN_UNINITIALIZED_AUTOS = YES_AGGRESSIVE;
				GCC_WARN_UNUSED_FUNCTION = YES;
				GCC_WARN_UNUSED_VARIABLE = YES;
				IPHONEOS_DEPLOYMENT_TARGET = 14.4;
				MTL_ENABLE_DEBUG_INFO = INCLUDE_SOURCE;
				MTL_FAST_MATH = YES;
				ONLY_ACTIVE_ARCH = YES;
				SDKROOT = iphoneos;
				SWIFT_ACTIVE_COMPILATION_CONDITIONS = DEBUG;
				SWIFT_OPTIMIZATION_LEVEL = "-Onone";
			};
			name = Debug;
		};
		B096F03225DB9CE800E98053 /* Release */ = {
			isa = XCBuildConfiguration;
			buildSettings = {
				ALWAYS_SEARCH_USER_PATHS = NO;
				CLANG_ANALYZER_NONNULL = YES;
				CLANG_ANALYZER_NUMBER_OBJECT_CONVERSION = YES_AGGRESSIVE;
				CLANG_CXX_LANGUAGE_STANDARD = "gnu++14";
				CLANG_CXX_LIBRARY = "libc++";
				CLANG_ENABLE_MODULES = YES;
				CLANG_ENABLE_OBJC_ARC = YES;
				CLANG_ENABLE_OBJC_WEAK = YES;
				CLANG_WARN_BLOCK_CAPTURE_AUTORELEASING = YES;
				CLANG_WARN_BOOL_CONVERSION = YES;
				CLANG_WARN_COMMA = YES;
				CLANG_WARN_CONSTANT_CONVERSION = YES;
				CLANG_WARN_DEPRECATED_OBJC_IMPLEMENTATIONS = YES;
				CLANG_WARN_DIRECT_OBJC_ISA_USAGE = YES_ERROR;
				CLANG_WARN_DOCUMENTATION_COMMENTS = YES;
				CLANG_WARN_EMPTY_BODY = YES;
				CLANG_WARN_ENUM_CONVERSION = YES;
				CLANG_WARN_INFINITE_RECURSION = YES;
				CLANG_WARN_INT_CONVERSION = YES;
				CLANG_WARN_NON_LITERAL_NULL_CONVERSION = YES;
				CLANG_WARN_OBJC_IMPLICIT_RETAIN_SELF = YES;
				CLANG_WARN_OBJC_LITERAL_CONVERSION = YES;
				CLANG_WARN_OBJC_ROOT_CLASS = YES_ERROR;
				CLANG_WARN_QUOTED_INCLUDE_IN_FRAMEWORK_HEADER = YES;
				CLANG_WARN_RANGE_LOOP_ANALYSIS = YES;
				CLANG_WARN_STRICT_PROTOTYPES = YES;
				CLANG_WARN_SUSPICIOUS_MOVE = YES;
				CLANG_WARN_UNGUARDED_AVAILABILITY = YES_AGGRESSIVE;
				CLANG_WARN_UNREACHABLE_CODE = YES;
				CLANG_WARN__DUPLICATE_METHOD_MATCH = YES;
				COPY_PHASE_STRIP = NO;
				DEBUG_INFORMATION_FORMAT = "dwarf-with-dsym";
				ENABLE_NS_ASSERTIONS = NO;
				ENABLE_STRICT_OBJC_MSGSEND = YES;
				GCC_C_LANGUAGE_STANDARD = gnu11;
				GCC_NO_COMMON_BLOCKS = YES;
				GCC_WARN_64_TO_32_BIT_CONVERSION = YES;
				GCC_WARN_ABOUT_RETURN_TYPE = YES_ERROR;
				GCC_WARN_UNDECLARED_SELECTOR = YES;
				GCC_WARN_UNINITIALIZED_AUTOS = YES_AGGRESSIVE;
				GCC_WARN_UNUSED_FUNCTION = YES;
				GCC_WARN_UNUSED_VARIABLE = YES;
				IPHONEOS_DEPLOYMENT_TARGET = 14.4;
				MTL_ENABLE_DEBUG_INFO = NO;
				MTL_FAST_MATH = YES;
				SDKROOT = iphoneos;
				SWIFT_COMPILATION_MODE = wholemodule;
				SWIFT_OPTIMIZATION_LEVEL = "-O";
				VALIDATE_PRODUCT = YES;
			};
			name = Release;
		};
		B096F03425DB9CE800E98053 /* Debug */ = {
			isa = XCBuildConfiguration;
			buildSettings = {
				ASSETCATALOG_COMPILER_APPICON_NAME = AppIcon;
				ASSETCATALOG_COMPILER_GLOBAL_ACCENT_COLOR_NAME = AccentColor;
				CODE_SIGN_STYLE = Automatic;
				DEVELOPMENT_TEAM = PSH4C5839A;
				INFOPLIST_FILE = PokerGameApp/Info.plist;
				LD_RUNPATH_SEARCH_PATHS = (
					"$(inherited)",
					"@executable_path/Frameworks",
				);
				PRODUCT_BUNDLE_IDENTIFIER = "com.Dahun-Lee.PokerGameApp";
				PRODUCT_NAME = "$(TARGET_NAME)";
				SWIFT_VERSION = 5.0;
				TARGETED_DEVICE_FAMILY = "1,2";
			};
			name = Debug;
		};
		B096F03525DB9CE800E98053 /* Release */ = {
			isa = XCBuildConfiguration;
			buildSettings = {
				ASSETCATALOG_COMPILER_APPICON_NAME = AppIcon;
				ASSETCATALOG_COMPILER_GLOBAL_ACCENT_COLOR_NAME = AccentColor;
				CODE_SIGN_STYLE = Automatic;
				DEVELOPMENT_TEAM = PSH4C5839A;
				INFOPLIST_FILE = PokerGameApp/Info.plist;
				LD_RUNPATH_SEARCH_PATHS = (
					"$(inherited)",
					"@executable_path/Frameworks",
				);
				PRODUCT_BUNDLE_IDENTIFIER = "com.Dahun-Lee.PokerGameApp";
				PRODUCT_NAME = "$(TARGET_NAME)";
				SWIFT_VERSION = 5.0;
				TARGETED_DEVICE_FAMILY = "1,2";
			};
			name = Release;
		};
/* End XCBuildConfiguration section */

/* Begin XCConfigurationList section */
		B096F01A25DB9CE500E98053 /* Build configuration list for PBXProject "PokerGameApp" */ = {
			isa = XCConfigurationList;
			buildConfigurations = (
				B096F03125DB9CE800E98053 /* Debug */,
				B096F03225DB9CE800E98053 /* Release */,
			);
			defaultConfigurationIsVisible = 0;
			defaultConfigurationName = Release;
		};
		B096F03325DB9CE800E98053 /* Build configuration list for PBXNativeTarget "PokerGameApp" */ = {
			isa = XCConfigurationList;
			buildConfigurations = (
				B096F03425DB9CE800E98053 /* Debug */,
				B096F03525DB9CE800E98053 /* Release */,
			);
			defaultConfigurationIsVisible = 0;
			defaultConfigurationName = Release;
		};
/* End XCConfigurationList section */
	};
	rootObject = B096F01725DB9CE500E98053 /* Project object */;
}
